// !$*UTF8*$!
{
	archiveVersion = 1;
	classes = {
	};
	objectVersion = 56;
	objects = {

/* Begin PBXBuildFile section */
		280ED1862AF1DD4300A8BFC4 /* ex_10_31App.swift in Sources */ = {isa = PBXBuildFile; fileRef = 280ED1852AF1DD4300A8BFC4 /* ex_10_31App.swift */; };
		280ED1882AF1DD4300A8BFC4 /* ContentView.swift in Sources */ = {isa = PBXBuildFile; fileRef = 280ED1872AF1DD4300A8BFC4 /* ContentView.swift */; };
		280ED18A2AF1DD4600A8BFC4 /* Assets.xcassets in Resources */ = {isa = PBXBuildFile; fileRef = 280ED1892AF1DD4600A8BFC4 /* Assets.xcassets */; };
		280ED18D2AF1DD4600A8BFC4 /* Preview Assets.xcassets in Resources */ = {isa = PBXBuildFile; fileRef = 280ED18C2AF1DD4600A8BFC4 /* Preview Assets.xcassets */; };
		280ED1942AF1DD5D00A8BFC4 /* ex1.swift in Sources */ = {isa = PBXBuildFile; fileRef = 280ED1932AF1DD5D00A8BFC4 /* ex1.swift */; };
		280ED1962AF1E0D300A8BFC4 /* ex2.swift in Sources */ = {isa = PBXBuildFile; fileRef = 280ED1952AF1E0D300A8BFC4 /* ex2.swift */; };
		280ED1982AF1E43600A8BFC4 /* ex3.swift in Sources */ = {isa = PBXBuildFile; fileRef = 280ED1972AF1E43600A8BFC4 /* ex3.swift */; };
		280ED19A2AF1E56A00A8BFC4 /* ex4.swift in Sources */ = {isa = PBXBuildFile; fileRef = 280ED1992AF1E56A00A8BFC4 /* ex4.swift */; };
		280ED19C2AF1E57600A8BFC4 /* ex5.swift in Sources */ = {isa = PBXBuildFile; fileRef = 280ED19B2AF1E57600A8BFC4 /* ex5.swift */; };
/* End PBXBuildFile section */

/* Begin PBXFileReference section */
		280ED1822AF1DD4300A8BFC4 /* ex_10_31.app */ = {isa = PBXFileReference; explicitFileType = wrapper.application; includeInIndex = 0; path = ex_10_31.app; sourceTree = BUILT_PRODUCTS_DIR; };
		280ED1852AF1DD4300A8BFC4 /* ex_10_31App.swift */ = {isa = PBXFileReference; lastKnownFileType = sourcecode.swift; path = ex_10_31App.swift; sourceTree = "<group>"; };
		280ED1872AF1DD4300A8BFC4 /* ContentView.swift */ = {isa = PBXFileReference; lastKnownFileType = sourcecode.swift; path = ContentView.swift; sourceTree = "<group>"; };
		280ED1892AF1DD4600A8BFC4 /* Assets.xcassets */ = {isa = PBXFileReference; lastKnownFileType = folder.assetcatalog; path = Assets.xcassets; sourceTree = "<group>"; };
		280ED18C2AF1DD4600A8BFC4 /* Preview Assets.xcassets */ = {isa = PBXFileReference; lastKnownFileType = folder.assetcatalog; path = "Preview Assets.xcassets"; sourceTree = "<group>"; };
		280ED1932AF1DD5D00A8BFC4 /* ex1.swift */ = {isa = PBXFileReference; lastKnownFileType = sourcecode.swift; path = ex1.swift; sourceTree = "<group>"; };
		280ED1952AF1E0D300A8BFC4 /* ex2.swift */ = {isa = PBXFileReference; lastKnownFileType = sourcecode.swift; path = ex2.swift; sourceTree = "<group>"; };
		280ED1972AF1E43600A8BFC4 /* ex3.swift */ = {isa = PBXFileReference; lastKnownFileType = sourcecode.swift; path = ex3.swift; sourceTree = "<group>"; };
		280ED1992AF1E56A00A8BFC4 /* ex4.swift */ = {isa = PBXFileReference; lastKnownFileType = sourcecode.swift; path = ex4.swift; sourceTree = "<group>"; };
		280ED19B2AF1E57600A8BFC4 /* ex5.swift */ = {isa = PBXFileReference; lastKnownFileType = sourcecode.swift; path = ex5.swift; sourceTree = "<group>"; };
/* End PBXFileReference section */

/* Begin PBXFrameworksBuildPhase section */
		280ED17F2AF1DD4300A8BFC4 /* Frameworks */ = {
			isa = PBXFrameworksBuildPhase;
			buildActionMask = 2147483647;
			files = (
			);
			runOnlyForDeploymentPostprocessing = 0;
		};
/* End PBXFrameworksBuildPhase section */

/* Begin PBXGroup section */
		280ED1792AF1DD4300A8BFC4 = {
			isa = PBXGroup;
			children = (
				280ED1842AF1DD4300A8BFC4 /* ex_10_31 */,
				280ED1832AF1DD4300A8BFC4 /* Products */,
			);
			sourceTree = "<group>";
		};
		280ED1832AF1DD4300A8BFC4 /* Products */ = {
			isa = PBXGroup;
			children = (
				280ED1822AF1DD4300A8BFC4 /* ex_10_31.app */,
			);
			name = Products;
			sourceTree = "<group>";
		};
		280ED1842AF1DD4300A8BFC4 /* ex_10_31 */ = {
			isa = PBXGroup;
			children = (
				280ED1852AF1DD4300A8BFC4 /* ex_10_31App.swift */,
				280ED1872AF1DD4300A8BFC4 /* ContentView.swift */,
				280ED1892AF1DD4600A8BFC4 /* Assets.xcassets */,
				280ED18B2AF1DD4600A8BFC4 /* Preview Content */,
				280ED1932AF1DD5D00A8BFC4 /* ex1.swift */,
				280ED1952AF1E0D300A8BFC4 /* ex2.swift */,
				280ED1972AF1E43600A8BFC4 /* ex3.swift */,
				280ED1992AF1E56A00A8BFC4 /* ex4.swift */,
				280ED19B2AF1E57600A8BFC4 /* ex5.swift */,
			);
			path = ex_10_31;
			sourceTree = "<group>";
		};
		280ED18B2AF1DD4600A8BFC4 /* Preview Content */ = {
			isa = PBXGroup;
			children = (
				280ED18C2AF1DD4600A8BFC4 /* Preview Assets.xcassets */,
			);
			path = "Preview Content";
			sourceTree = "<group>";
		};
/* End PBXGroup section */

/* Begin PBXNativeTarget section */
		280ED1812AF1DD4300A8BFC4 /* ex_10_31 */ = {
			isa = PBXNativeTarget;
			buildConfigurationList = 280ED1902AF1DD4600A8BFC4 /* Build configuration list for PBXNativeTarget "ex_10_31" */;
			buildPhases = (
				280ED17E2AF1DD4300A8BFC4 /* Sources */,
				280ED17F2AF1DD4300A8BFC4 /* Frameworks */,
				280ED1802AF1DD4300A8BFC4 /* Resources */,
			);
			buildRules = (
			);
			dependencies = (
			);
			name = ex_10_31;
			productName = ex_10_31;
			productReference = 280ED1822AF1DD4300A8BFC4 /* ex_10_31.app */;
			productType = "com.apple.product-type.application";
		};
/* End PBXNativeTarget section */

/* Begin PBXProject section */
		280ED17A2AF1DD4300A8BFC4 /* Project object */ = {
			isa = PBXProject;
			attributes = {
				BuildIndependentTargetsInParallel = 1;
				LastSwiftUpdateCheck = 1500;
				LastUpgradeCheck = 1500;
				TargetAttributes = {
					280ED1812AF1DD4300A8BFC4 = {
						CreatedOnToolsVersion = 15.0.1;
					};
				};
			};
			buildConfigurationList = 280ED17D2AF1DD4300A8BFC4 /* Build configuration list for PBXProject "ex_10_31" */;
			compatibilityVersion = "Xcode 14.0";
			developmentRegion = en;
			hasScannedForEncodings = 0;
			knownRegions = (
				en,
				Base,
			);
			mainGroup = 280ED1792AF1DD4300A8BFC4;
			productRefGroup = 280ED1832AF1DD4300A8BFC4 /* Products */;
			projectDirPath = "";
			projectRoot = "";
			targets = (
				280ED1812AF1DD4300A8BFC4 /* ex_10_31 */,
			);
		};
/* End PBXProject section */

/* Begin PBXResourcesBuildPhase section */
		280ED1802AF1DD4300A8BFC4 /* Resources */ = {
			isa = PBXResourcesBuildPhase;
			buildActionMask = 2147483647;
			files = (
				280ED18D2AF1DD4600A8BFC4 /* Preview Assets.xcassets in Resources */,
				280ED18A2AF1DD4600A8BFC4 /* Assets.xcassets in Resources */,
			);
			runOnlyForDeploymentPostprocessing = 0;
		};
/* End PBXResourcesBuildPhase section */

/* Begin PBXSourcesBuildPhase section */
		280ED17E2AF1DD4300A8BFC4 /* Sources */ = {
			isa = PBXSourcesBuildPhase;
			buildActionMask = 2147483647;
			files = (
				280ED1882AF1DD4300A8BFC4 /* ContentView.swift in Sources */,
				280ED19A2AF1E56A00A8BFC4 /* ex4.swift in Sources */,
				280ED1942AF1DD5D00A8BFC4 /* ex1.swift in Sources */,
				280ED19C2AF1E57600A8BFC4 /* ex5.swift in Sources */,
				280ED1982AF1E43600A8BFC4 /* ex3.swift in Sources */,
				280ED1862AF1DD4300A8BFC4 /* ex_10_31App.swift in Sources */,
				280ED1962AF1E0D300A8BFC4 /* ex2.swift in Sources */,
			);
			runOnlyForDeploymentPostprocessing = 0;
		};
/* End PBXSourcesBuildPhase section */

/* Begin XCBuildConfiguration section */
		280ED18E2AF1DD4600A8BFC4 /* Debug */ = {
			isa = XCBuildConfiguration;
			buildSettings = {
				ALWAYS_SEARCH_USER_PATHS = NO;
				ASSETCATALOG_COMPILER_GENERATE_SWIFT_ASSET_SYMBOL_EXTENSIONS = YES;
				CLANG_ANALYZER_NONNULL = YES;
				CLANG_ANALYZER_NUMBER_OBJECT_CONVERSION = YES_AGGRESSIVE;
				CLANG_CXX_LANGUAGE_STANDARD = "gnu++20";
				CLANG_ENABLE_MODULES = YES;
				CLANG_ENABLE_OBJC_ARC = YES;
				CLANG_ENABLE_OBJC_WEAK = YES;
				CLANG_WARN_BLOCK_CAPTURE_AUTORELEASING = YES;
				CLANG_WARN_BOOL_CONVERSION = YES;
				CLANG_WARN_COMMA = YES;
				CLANG_WARN_CONSTANT_CONVERSION = YES;
				CLANG_WARN_DEPRECATED_OBJC_IMPLEMENTATIONS = YES;
				CLANG_WARN_DIRECT_OBJC_ISA_USAGE = YES_ERROR;
				CLANG_WARN_DOCUMENTATION_COMMENTS = YES;
				CLANG_WARN_EMPTY_BODY = YES;
				CLANG_WARN_ENUM_CONVERSION = YES;
				CLANG_WARN_INFINITE_RECURSION = YES;
				CLANG_WARN_INT_CONVERSION = YES;
				CLANG_WARN_NON_LITERAL_NULL_CONVERSION = YES;
				CLANG_WARN_OBJC_IMPLICIT_RETAIN_SELF = YES;
				CLANG_WARN_OBJC_LITERAL_CONVERSION = YES;
				CLANG_WARN_OBJC_ROOT_CLASS = YES_ERROR;
				CLANG_WARN_QUOTED_INCLUDE_IN_FRAMEWORK_HEADER = YES;
				CLANG_WARN_RANGE_LOOP_ANALYSIS = YES;
				CLANG_WARN_STRICT_PROTOTYPES = YES;
				CLANG_WARN_SUSPICIOUS_MOVE = YES;
				CLANG_WARN_UNGUARDED_AVAILABILITY = YES_AGGRESSIVE;
				CLANG_WARN_UNREACHABLE_CODE = YES;
				CLANG_WARN__DUPLICATE_METHOD_MATCH = YES;
				COPY_PHASE_STRIP = NO;
				DEBUG_INFORMATION_FORMAT = dwarf;
				ENABLE_STRICT_OBJC_MSGSEND = YES;
				ENABLE_TESTABILITY = YES;
				ENABLE_USER_SCRIPT_SANDBOXING = YES;
				GCC_C_LANGUAGE_STANDARD = gnu17;
				GCC_DYNAMIC_NO_PIC = NO;
				GCC_NO_COMMON_BLOCKS = YES;
				GCC_OPTIMIZATION_LEVEL = 0;
				GCC_PREPROCESSOR_DEFINITIONS = (
					"DEBUG=1",
					"$(inherited)",
				);
				GCC_WARN_64_TO_32_BIT_CONVERSION = YES;
				GCC_WARN_ABOUT_RETURN_TYPE = YES_ERROR;
				GCC_WARN_UNDECLARED_SELECTOR = YES;
				GCC_WARN_UNINITIALIZED_AUTOS = YES_AGGRESSIVE;
				GCC_WARN_UNUSED_FUNCTION = YES;
				GCC_WARN_UNUSED_VARIABLE = YES;
				IPHONEOS_DEPLOYMENT_TARGET = 17.0;
				LOCALIZATION_PREFERS_STRING_CATALOGS = YES;
				MTL_ENABLE_DEBUG_INFO = INCLUDE_SOURCE;
				MTL_FAST_MATH = YES;
				ONLY_ACTIVE_ARCH = YES;
				SDKROOT = iphoneos;
				SWIFT_ACTIVE_COMPILATION_CONDITIONS = "DEBUG $(inherited)";
				SWIFT_OPTIMIZATION_LEVEL = "-Onone";
			};
			name = Debug;
		};
		280ED18F2AF1DD4600A8BFC4 /* Release */ = {
			isa = XCBuildConfiguration;
			buildSettings = {
				ALWAYS_SEARCH_USER_PATHS = NO;
				ASSETCATALOG_COMPILER_GENERATE_SWIFT_ASSET_SYMBOL_EXTENSIONS = YES;
				CLANG_ANALYZER_NONNULL = YES;
				CLANG_ANALYZER_NUMBER_OBJECT_CONVERSION = YES_AGGRESSIVE;
				CLANG_CXX_LANGUAGE_STANDARD = "gnu++20";
				CLANG_ENABLE_MODULES = YES;
				CLANG_ENABLE_OBJC_ARC = YES;
				CLANG_ENABLE_OBJC_WEAK = YES;
				CLANG_WARN_BLOCK_CAPTURE_AUTORELEASING = YES;
				CLANG_WARN_BOOL_CONVERSION = YES;
				CLANG_WARN_COMMA = YES;
				CLANG_WARN_CONSTANT_CONVERSION = YES;
				CLANG_WARN_DEPRECATED_OBJC_IMPLEMENTATIONS = YES;
				CLANG_WARN_DIRECT_OBJC_ISA_USAGE = YES_ERROR;
				CLANG_WARN_DOCUMENTATION_COMMENTS = YES;
				CLANG_WARN_EMPTY_BODY = YES;
				CLANG_WARN_ENUM_CONVERSION = YES;
				CLANG_WARN_INFINITE_RECURSION = YES;
				CLANG_WARN_INT_CONVERSION = YES;
				CLANG_WARN_NON_LITERAL_NULL_CONVERSION = YES;
				CLANG_WARN_OBJC_IMPLICIT_RETAIN_SELF = YES;
				CLANG_WARN_OBJC_LITERAL_CONVERSION = YES;
				CLANG_WARN_OBJC_ROOT_CLASS = YES_ERROR;
				CLANG_WARN_QUOTED_INCLUDE_IN_FRAMEWORK_HEADER = YES;
				CLANG_WARN_RANGE_LOOP_ANALYSIS = YES;
				CLANG_WARN_STRICT_PROTOTYPES = YES;
				CLANG_WARN_SUSPICIOUS_MOVE = YES;
				CLANG_WARN_UNGUARDED_AVAILABILITY = YES_AGGRESSIVE;
				CLANG_WARN_UNREACHABLE_CODE = YES;
				CLANG_WARN__DUPLICATE_METHOD_MATCH = YES;
				COPY_PHASE_STRIP = NO;
				DEBUG_INFORMATION_FORMAT = "dwarf-with-dsym";
				ENABLE_NS_ASSERTIONS = NO;
				ENABLE_STRICT_OBJC_MSGSEND = YES;
				ENABLE_USER_SCRIPT_SANDBOXING = YES;
				GCC_C_LANGUAGE_STANDARD = gnu17;
				GCC_NO_COMMON_BLOCKS = YES;
				GCC_WARN_64_TO_32_BIT_CONVERSION = YES;
				GCC_WARN_ABOUT_RETURN_TYPE = YES_ERROR;
				GCC_WARN_UNDECLARED_SELECTOR = YES;
				GCC_WARN_UNINITIALIZED_AUTOS = YES_AGGRESSIVE;
				GCC_WARN_UNUSED_FUNCTION = YES;
				GCC_WARN_UNUSED_VARIABLE = YES;
				IPHONEOS_DEPLOYMENT_TARGET = 17.0;
				LOCALIZATION_PREFERS_STRING_CATALOGS = YES;
				MTL_ENABLE_DEBUG_INFO = NO;
				MTL_FAST_MATH = YES;
				SDKROOT = iphoneos;
				SWIFT_COMPILATION_MODE = wholemodule;
				VALIDATE_PRODUCT = YES;
			};
			name = Release;
		};
		280ED1912AF1DD4600A8BFC4 /* Debug */ = {
			isa = XCBuildConfiguration;
			buildSettings = {
				ASSETCATALOG_COMPILER_APPICON_NAME = AppIcon;
				ASSETCATALOG_COMPILER_GLOBAL_ACCENT_COLOR_NAME = AccentColor;
				CODE_SIGN_STYLE = Automatic;
				CURRENT_PROJECT_VERSION = 1;
				DEVELOPMENT_ASSET_PATHS = "\"ex_10_31/Preview Content\"";
				DEVELOPMENT_TEAM = ZX2NB6A6YK;
				ENABLE_PREVIEWS = YES;
				GENERATE_INFOPLIST_FILE = YES;
				INFOPLIST_KEY_UIApplicationSceneManifest_Generation = YES;
				INFOPLIST_KEY_UIApplicationSupportsIndirectInputEvents = YES;
				INFOPLIST_KEY_UILaunchScreen_Generation = YES;
				INFOPLIST_KEY_UISupportedInterfaceOrientations_iPad = "UIInterfaceOrientationPortrait UIInterfaceOrientationPortraitUpsideDown UIInterfaceOrientationLandscapeLeft UIInterfaceOrientationLandscapeRight";
				INFOPLIST_KEY_UISupportedInterfaceOrientations_iPhone = "UIInterfaceOrientationPortrait UIInterfaceOrientationLandscapeLeft UIInterfaceOrientationLandscapeRight";
				LD_RUNPATH_SEARCH_PATHS = (
					"$(inherited)",
					"@executable_path/Frameworks",
				);
				MARKETING_VERSION = 1.0;
				PRODUCT_BUNDLE_IDENTIFIER = "com.louis.ex-10-31";
				PRODUCT_NAME = "$(TARGET_NAME)";
				SWIFT_EMIT_LOC_STRINGS = YES;
				SWIFT_VERSION = 5.0;
				TARGETED_DEVICE_FAMILY = "1,2";
			};
			name = Debug;
		};
		280ED1922AF1DD4600A8BFC4 /* Release */ = {
			isa = XCBuildConfiguration;
			buildSettings = {
				ASSETCATALOG_COMPILER_APPICON_NAME = AppIcon;
				ASSETCATALOG_COMPILER_GLOBAL_ACCENT_COLOR_NAME = AccentColor;
				CODE_SIGN_STYLE = Automatic;
				CURRENT_PROJECT_VERSION = 1;
				DEVELOPMENT_ASSET_PATHS = "\"ex_10_31/Preview Content\"";
				DEVELOPMENT_TEAM = ZX2NB6A6YK;
				ENABLE_PREVIEWS = YES;
				GENERATE_INFOPLIST_FILE = YES;
				INFOPLIST_KEY_UIApplicationSceneManifest_Generation = YES;
				INFOPLIST_KEY_UIApplicationSupportsIndirectInputEvents = YES;
				INFOPLIST_KEY_UILaunchScreen_Generation = YES;
				INFOPLIST_KEY_UISupportedInterfaceOrientations_iPad = "UIInterfaceOrientationPortrait UIInterfaceOrientationPortraitUpsideDown UIInterfaceOrientationLandscapeLeft UIInterfaceOrientationLandscapeRight";
				INFOPLIST_KEY_UISupportedInterfaceOrientations_iPhone = "UIInterfaceOrientationPortrait UIInterfaceOrientationLandscapeLeft UIInterfaceOrientationLandscapeRight";
				LD_RUNPATH_SEARCH_PATHS = (
					"$(inherited)",
					"@executable_path/Frameworks",
				);
				MARKETING_VERSION = 1.0;
				PRODUCT_BUNDLE_IDENTIFIER = "com.louis.ex-10-31";
				PRODUCT_NAME = "$(TARGET_NAME)";
				SWIFT_EMIT_LOC_STRINGS = YES;
				SWIFT_VERSION = 5.0;
				TARGETED_DEVICE_FAMILY = "1,2";
			};
			name = Release;
		};
/* End XCBuildConfiguration section */

/* Begin XCConfigurationList section */
		280ED17D2AF1DD4300A8BFC4 /* Build configuration list for PBXProject "ex_10_31" */ = {
			isa = XCConfigurationList;
			buildConfigurations = (
				280ED18E2AF1DD4600A8BFC4 /* Debug */,
				280ED18F2AF1DD4600A8BFC4 /* Release */,
			);
			defaultConfigurationIsVisible = 0;
			defaultConfigurationName = Release;
		};
		280ED1902AF1DD4600A8BFC4 /* Build configuration list for PBXNativeTarget "ex_10_31" */ = {
			isa = XCConfigurationList;
			buildConfigurations = (
				280ED1912AF1DD4600A8BFC4 /* Debug */,
				280ED1922AF1DD4600A8BFC4 /* Release */,
			);
			defaultConfigurationIsVisible = 0;
			defaultConfigurationName = Release;
		};
/* End XCConfigurationList section */
	};
	rootObject = 280ED17A2AF1DD4300A8BFC4 /* Project object */;
}
