// !$*UTF8*$!
{
	archiveVersion = 1;
	classes = {
	};
	objectVersion = 56;
	objects = {

/* Begin PBXBuildFile section */
		289AF89C2AE97783004B11B4 /* FirestoreExampleApp.swift in Sources */ = {isa = PBXBuildFile; fileRef = 289AF89B2AE97783004B11B4 /* FirestoreExampleApp.swift */; };
		289AF89E2AE97783004B11B4 /* ContentView.swift in Sources */ = {isa = PBXBuildFile; fileRef = 289AF89D2AE97783004B11B4 /* ContentView.swift */; };
		289AF8A02AE97785004B11B4 /* Assets.xcassets in Resources */ = {isa = PBXBuildFile; fileRef = 289AF89F2AE97785004B11B4 /* Assets.xcassets */; };
		289AF8A32AE97785004B11B4 /* Preview Assets.xcassets in Resources */ = {isa = PBXBuildFile; fileRef = 289AF8A22AE97785004B11B4 /* Preview Assets.xcassets */; };
		289AF8AB2AE977CF004B11B4 /* FirebaseAnalytics in Frameworks */ = {isa = PBXBuildFile; productRef = 289AF8AA2AE977CF004B11B4 /* FirebaseAnalytics */; };
		289AF8AD2AE977CF004B11B4 /* FirebaseAnalyticsOnDeviceConversion in Frameworks */ = {isa = PBXBuildFile; productRef = 289AF8AC2AE977CF004B11B4 /* FirebaseAnalyticsOnDeviceConversion */; };
		289AF8AF2AE977CF004B11B4 /* FirebaseAnalyticsSwift in Frameworks */ = {isa = PBXBuildFile; productRef = 289AF8AE2AE977CF004B11B4 /* FirebaseAnalyticsSwift */; };
		289AF8B12AE977CF004B11B4 /* FirebaseAnalyticsWithoutAdIdSupport in Frameworks */ = {isa = PBXBuildFile; productRef = 289AF8B02AE977CF004B11B4 /* FirebaseAnalyticsWithoutAdIdSupport */; };
		289AF8B32AE977CF004B11B4 /* FirebaseAppCheck in Frameworks */ = {isa = PBXBuildFile; productRef = 289AF8B22AE977CF004B11B4 /* FirebaseAppCheck */; };
		289AF8B52AE977CF004B11B4 /* FirebaseAppDistribution-Beta in Frameworks */ = {isa = PBXBuildFile; productRef = 289AF8B42AE977CF004B11B4 /* FirebaseAppDistribution-Beta */; };
		289AF8B72AE977CF004B11B4 /* FirebaseAuth in Frameworks */ = {isa = PBXBuildFile; productRef = 289AF8B62AE977CF004B11B4 /* FirebaseAuth */; };
		289AF8B92AE977CF004B11B4 /* FirebaseAuthCombine-Community in Frameworks */ = {isa = PBXBuildFile; productRef = 289AF8B82AE977CF004B11B4 /* FirebaseAuthCombine-Community */; };
		289AF8BB2AE977CF004B11B4 /* FirebaseCrashlytics in Frameworks */ = {isa = PBXBuildFile; productRef = 289AF8BA2AE977CF004B11B4 /* FirebaseCrashlytics */; };
		289AF8BD2AE977CF004B11B4 /* FirebaseDatabase in Frameworks */ = {isa = PBXBuildFile; productRef = 289AF8BC2AE977CF004B11B4 /* FirebaseDatabase */; };
		289AF8BF2AE977CF004B11B4 /* FirebaseDatabaseSwift in Frameworks */ = {isa = PBXBuildFile; productRef = 289AF8BE2AE977CF004B11B4 /* FirebaseDatabaseSwift */; };
		289AF8C12AE977CF004B11B4 /* FirebaseDynamicLinks in Frameworks */ = {isa = PBXBuildFile; productRef = 289AF8C02AE977CF004B11B4 /* FirebaseDynamicLinks */; };
		289AF8C32AE977CF004B11B4 /* FirebaseFirestore in Frameworks */ = {isa = PBXBuildFile; productRef = 289AF8C22AE977CF004B11B4 /* FirebaseFirestore */; };
		289AF8C52AE977CF004B11B4 /* FirebaseFirestoreCombine-Community in Frameworks */ = {isa = PBXBuildFile; productRef = 289AF8C42AE977CF004B11B4 /* FirebaseFirestoreCombine-Community */; };
		289AF8C72AE977CF004B11B4 /* FirebaseFirestoreSwift in Frameworks */ = {isa = PBXBuildFile; productRef = 289AF8C62AE977CF004B11B4 /* FirebaseFirestoreSwift */; };
		289AF8C92AE977CF004B11B4 /* FirebaseFunctions in Frameworks */ = {isa = PBXBuildFile; productRef = 289AF8C82AE977CF004B11B4 /* FirebaseFunctions */; };
		289AF8CB2AE977CF004B11B4 /* FirebaseFunctionsCombine-Community in Frameworks */ = {isa = PBXBuildFile; productRef = 289AF8CA2AE977CF004B11B4 /* FirebaseFunctionsCombine-Community */; };
		289AF8CD2AE977CF004B11B4 /* FirebaseInAppMessaging-Beta in Frameworks */ = {isa = PBXBuildFile; productRef = 289AF8CC2AE977CF004B11B4 /* FirebaseInAppMessaging-Beta */; };
		289AF8CF2AE977CF004B11B4 /* FirebaseInAppMessagingSwift-Beta in Frameworks */ = {isa = PBXBuildFile; productRef = 289AF8CE2AE977CF004B11B4 /* FirebaseInAppMessagingSwift-Beta */; };
		289AF8D12AE977CF004B11B4 /* FirebaseInstallations in Frameworks */ = {isa = PBXBuildFile; productRef = 289AF8D02AE977CF004B11B4 /* FirebaseInstallations */; };
		289AF8D32AE977CF004B11B4 /* FirebaseMLModelDownloader in Frameworks */ = {isa = PBXBuildFile; productRef = 289AF8D22AE977CF004B11B4 /* FirebaseMLModelDownloader */; };
		289AF8D52AE977CF004B11B4 /* FirebaseMessaging in Frameworks */ = {isa = PBXBuildFile; productRef = 289AF8D42AE977CF004B11B4 /* FirebaseMessaging */; };
		289AF8D72AE977CF004B11B4 /* FirebasePerformance in Frameworks */ = {isa = PBXBuildFile; productRef = 289AF8D62AE977CF004B11B4 /* FirebasePerformance */; };
		289AF8D92AE977CF004B11B4 /* FirebaseRemoteConfig in Frameworks */ = {isa = PBXBuildFile; productRef = 289AF8D82AE977CF004B11B4 /* FirebaseRemoteConfig */; };
		289AF8DB2AE977CF004B11B4 /* FirebaseRemoteConfigSwift in Frameworks */ = {isa = PBXBuildFile; productRef = 289AF8DA2AE977CF004B11B4 /* FirebaseRemoteConfigSwift */; };
		289AF8DD2AE977CF004B11B4 /* FirebaseStorage in Frameworks */ = {isa = PBXBuildFile; productRef = 289AF8DC2AE977CF004B11B4 /* FirebaseStorage */; };
		289AF8DF2AE977CF004B11B4 /* FirebaseStorageCombine-Community in Frameworks */ = {isa = PBXBuildFile; productRef = 289AF8DE2AE977CF004B11B4 /* FirebaseStorageCombine-Community */; };
		289AF8E52AE97FC8004B11B4 /* GoogleService-Info.plist in Resources */ = {isa = PBXBuildFile; fileRef = 289AF8E42AE97FC8004B11B4 /* GoogleService-Info.plist */; };
/* End PBXBuildFile section */

/* Begin PBXFileReference section */
		289AF8982AE97783004B11B4 /* FirestoreExample.app */ = {isa = PBXFileReference; explicitFileType = wrapper.application; includeInIndex = 0; path = FirestoreExample.app; sourceTree = BUILT_PRODUCTS_DIR; };
		289AF89B2AE97783004B11B4 /* FirestoreExampleApp.swift */ = {isa = PBXFileReference; lastKnownFileType = sourcecode.swift; path = FirestoreExampleApp.swift; sourceTree = "<group>"; };
		289AF89D2AE97783004B11B4 /* ContentView.swift */ = {isa = PBXFileReference; lastKnownFileType = sourcecode.swift; path = ContentView.swift; sourceTree = "<group>"; };
		289AF89F2AE97785004B11B4 /* Assets.xcassets */ = {isa = PBXFileReference; lastKnownFileType = folder.assetcatalog; path = Assets.xcassets; sourceTree = "<group>"; };
		289AF8A22AE97785004B11B4 /* Preview Assets.xcassets */ = {isa = PBXFileReference; lastKnownFileType = folder.assetcatalog; path = "Preview Assets.xcassets"; sourceTree = "<group>"; };
		289AF8E42AE97FC8004B11B4 /* GoogleService-Info.plist */ = {isa = PBXFileReference; fileEncoding = 4; lastKnownFileType = text.plist.xml; name = "GoogleService-Info.plist"; path = "../../GoogleService-Info.plist"; sourceTree = "<group>"; };
/* End PBXFileReference section */

/* Begin PBXFrameworksBuildPhase section */
		289AF8952AE97783004B11B4 /* Frameworks */ = {
			isa = PBXFrameworksBuildPhase;
			buildActionMask = 2147483647;
			files = (
				289AF8BD2AE977CF004B11B4 /* FirebaseDatabase in Frameworks */,
				289AF8CB2AE977CF004B11B4 /* FirebaseFunctionsCombine-Community in Frameworks */,
				289AF8C32AE977CF004B11B4 /* FirebaseFirestore in Frameworks */,
				289AF8AF2AE977CF004B11B4 /* FirebaseAnalyticsSwift in Frameworks */,
				289AF8AB2AE977CF004B11B4 /* FirebaseAnalytics in Frameworks */,
				289AF8AD2AE977CF004B11B4 /* FirebaseAnalyticsOnDeviceConversion in Frameworks */,
				289AF8D32AE977CF004B11B4 /* FirebaseMLModelDownloader in Frameworks */,
				289AF8C72AE977CF004B11B4 /* FirebaseFirestoreSwift in Frameworks */,
				289AF8B32AE977CF004B11B4 /* FirebaseAppCheck in Frameworks */,
				289AF8B12AE977CF004B11B4 /* FirebaseAnalyticsWithoutAdIdSupport in Frameworks */,
				289AF8B72AE977CF004B11B4 /* FirebaseAuth in Frameworks */,
				289AF8BB2AE977CF004B11B4 /* FirebaseCrashlytics in Frameworks */,
				289AF8DB2AE977CF004B11B4 /* FirebaseRemoteConfigSwift in Frameworks */,
				289AF8CD2AE977CF004B11B4 /* FirebaseInAppMessaging-Beta in Frameworks */,
				289AF8BF2AE977CF004B11B4 /* FirebaseDatabaseSwift in Frameworks */,
				289AF8C92AE977CF004B11B4 /* FirebaseFunctions in Frameworks */,
				289AF8DF2AE977CF004B11B4 /* FirebaseStorageCombine-Community in Frameworks */,
				289AF8D92AE977CF004B11B4 /* FirebaseRemoteConfig in Frameworks */,
				289AF8B52AE977CF004B11B4 /* FirebaseAppDistribution-Beta in Frameworks */,
				289AF8B92AE977CF004B11B4 /* FirebaseAuthCombine-Community in Frameworks */,
				289AF8D72AE977CF004B11B4 /* FirebasePerformance in Frameworks */,
				289AF8CF2AE977CF004B11B4 /* FirebaseInAppMessagingSwift-Beta in Frameworks */,
				289AF8DD2AE977CF004B11B4 /* FirebaseStorage in Frameworks */,
				289AF8C12AE977CF004B11B4 /* FirebaseDynamicLinks in Frameworks */,
				289AF8C52AE977CF004B11B4 /* FirebaseFirestoreCombine-Community in Frameworks */,
				289AF8D52AE977CF004B11B4 /* FirebaseMessaging in Frameworks */,
				289AF8D12AE977CF004B11B4 /* FirebaseInstallations in Frameworks */,
			);
			runOnlyForDeploymentPostprocessing = 0;
		};
/* End PBXFrameworksBuildPhase section */

/* Begin PBXGroup section */
		289AF88F2AE97783004B11B4 = {
			isa = PBXGroup;
			children = (
				289AF89A2AE97783004B11B4 /* FirestoreExample */,
				289AF8992AE97783004B11B4 /* Products */,
				289AF8E62AE98D67004B11B4 /* Frameworks */,
			);
			sourceTree = "<group>";
		};
		289AF8992AE97783004B11B4 /* Products */ = {
			isa = PBXGroup;
			children = (
				289AF8982AE97783004B11B4 /* FirestoreExample.app */,
			);
			name = Products;
			sourceTree = "<group>";
		};
		289AF89A2AE97783004B11B4 /* FirestoreExample */ = {
			isa = PBXGroup;
			children = (
				289AF89B2AE97783004B11B4 /* FirestoreExampleApp.swift */,
				289AF89D2AE97783004B11B4 /* ContentView.swift */,
				289AF8E42AE97FC8004B11B4 /* GoogleService-Info.plist */,
				289AF89F2AE97785004B11B4 /* Assets.xcassets */,
				289AF8A12AE97785004B11B4 /* Preview Content */,
			);
			path = FirestoreExample;
			sourceTree = "<group>";
		};
		289AF8A12AE97785004B11B4 /* Preview Content */ = {
			isa = PBXGroup;
			children = (
				289AF8A22AE97785004B11B4 /* Preview Assets.xcassets */,
			);
			path = "Preview Content";
			sourceTree = "<group>";
		};
		289AF8E62AE98D67004B11B4 /* Frameworks */ = {
			isa = PBXGroup;
			children = (
			);
			name = Frameworks;
			sourceTree = "<group>";
		};
/* End PBXGroup section */

/* Begin PBXNativeTarget section */
		289AF8972AE97783004B11B4 /* FirestoreExample */ = {
			isa = PBXNativeTarget;
			buildConfigurationList = 289AF8A62AE97785004B11B4 /* Build configuration list for PBXNativeTarget "FirestoreExample" */;
			buildPhases = (
				289AF8942AE97783004B11B4 /* Sources */,
				289AF8952AE97783004B11B4 /* Frameworks */,
				289AF8962AE97783004B11B4 /* Resources */,
			);
			buildRules = (
			);
			dependencies = (
			);
			name = FirestoreExample;
			packageProductDependencies = (
				289AF8AA2AE977CF004B11B4 /* FirebaseAnalytics */,
				289AF8AC2AE977CF004B11B4 /* FirebaseAnalyticsOnDeviceConversion */,
				289AF8AE2AE977CF004B11B4 /* FirebaseAnalyticsSwift */,
				289AF8B02AE977CF004B11B4 /* FirebaseAnalyticsWithoutAdIdSupport */,
				289AF8B22AE977CF004B11B4 /* FirebaseAppCheck */,
				289AF8B42AE977CF004B11B4 /* FirebaseAppDistribution-Beta */,
				289AF8B62AE977CF004B11B4 /* FirebaseAuth */,
				289AF8B82AE977CF004B11B4 /* FirebaseAuthCombine-Community */,
				289AF8BA2AE977CF004B11B4 /* FirebaseCrashlytics */,
				289AF8BC2AE977CF004B11B4 /* FirebaseDatabase */,
				289AF8BE2AE977CF004B11B4 /* FirebaseDatabaseSwift */,
				289AF8C02AE977CF004B11B4 /* FirebaseDynamicLinks */,
				289AF8C22AE977CF004B11B4 /* FirebaseFirestore */,
				289AF8C42AE977CF004B11B4 /* FirebaseFirestoreCombine-Community */,
				289AF8C62AE977CF004B11B4 /* FirebaseFirestoreSwift */,
				289AF8C82AE977CF004B11B4 /* FirebaseFunctions */,
				289AF8CA2AE977CF004B11B4 /* FirebaseFunctionsCombine-Community */,
				289AF8CC2AE977CF004B11B4 /* FirebaseInAppMessaging-Beta */,
				289AF8CE2AE977CF004B11B4 /* FirebaseInAppMessagingSwift-Beta */,
				289AF8D02AE977CF004B11B4 /* FirebaseInstallations */,
				289AF8D22AE977CF004B11B4 /* FirebaseMLModelDownloader */,
				289AF8D42AE977CF004B11B4 /* FirebaseMessaging */,
				289AF8D62AE977CF004B11B4 /* FirebasePerformance */,
				289AF8D82AE977CF004B11B4 /* FirebaseRemoteConfig */,
				289AF8DA2AE977CF004B11B4 /* FirebaseRemoteConfigSwift */,
				289AF8DC2AE977CF004B11B4 /* FirebaseStorage */,
				289AF8DE2AE977CF004B11B4 /* FirebaseStorageCombine-Community */,
			);
			productName = FirestoreExample;
			productReference = 289AF8982AE97783004B11B4 /* FirestoreExample.app */;
			productType = "com.apple.product-type.application";
		};
/* End PBXNativeTarget section */

/* Begin PBXProject section */
		289AF8902AE97783004B11B4 /* Project object */ = {
			isa = PBXProject;
			attributes = {
				BuildIndependentTargetsInParallel = 1;
				LastSwiftUpdateCheck = 1500;
				LastUpgradeCheck = 1500;
				TargetAttributes = {
					289AF8972AE97783004B11B4 = {
						CreatedOnToolsVersion = 15.0.1;
					};
				};
			};
			buildConfigurationList = 289AF8932AE97783004B11B4 /* Build configuration list for PBXProject "FirestoreExample" */;
			compatibilityVersion = "Xcode 14.0";
			developmentRegion = en;
			hasScannedForEncodings = 0;
			knownRegions = (
				en,
				Base,
			);
			mainGroup = 289AF88F2AE97783004B11B4;
			packageReferences = (
				289AF8A92AE977CF004B11B4 /* XCRemoteSwiftPackageReference "firebase-ios-sdk" */,
			);
			productRefGroup = 289AF8992AE97783004B11B4 /* Products */;
			projectDirPath = "";
			projectRoot = "";
			targets = (
				289AF8972AE97783004B11B4 /* FirestoreExample */,
			);
		};
/* End PBXProject section */

/* Begin PBXResourcesBuildPhase section */
		289AF8962AE97783004B11B4 /* Resources */ = {
			isa = PBXResourcesBuildPhase;
			buildActionMask = 2147483647;
			files = (
				289AF8A32AE97785004B11B4 /* Preview Assets.xcassets in Resources */,
				289AF8A02AE97785004B11B4 /* Assets.xcassets in Resources */,
				289AF8E52AE97FC8004B11B4 /* GoogleService-Info.plist in Resources */,
			);
			runOnlyForDeploymentPostprocessing = 0;
		};
/* End PBXResourcesBuildPhase section */

/* Begin PBXSourcesBuildPhase section */
		289AF8942AE97783004B11B4 /* Sources */ = {
			isa = PBXSourcesBuildPhase;
			buildActionMask = 2147483647;
			files = (
				289AF89E2AE97783004B11B4 /* ContentView.swift in Sources */,
				289AF89C2AE97783004B11B4 /* FirestoreExampleApp.swift in Sources */,
			);
			runOnlyForDeploymentPostprocessing = 0;
		};
/* End PBXSourcesBuildPhase section */

/* Begin XCBuildConfiguration section */
		289AF8A42AE97785004B11B4 /* Debug */ = {
			isa = XCBuildConfiguration;
			buildSettings = {
				ALWAYS_SEARCH_USER_PATHS = NO;
				ASSETCATALOG_COMPILER_GENERATE_SWIFT_ASSET_SYMBOL_EXTENSIONS = YES;
				CLANG_ANALYZER_NONNULL = YES;
				CLANG_ANALYZER_NUMBER_OBJECT_CONVERSION = YES_AGGRESSIVE;
				CLANG_CXX_LANGUAGE_STANDARD = "gnu++20";
				CLANG_ENABLE_MODULES = YES;
				CLANG_ENABLE_OBJC_ARC = YES;
				CLANG_ENABLE_OBJC_WEAK = YES;
				CLANG_WARN_BLOCK_CAPTURE_AUTORELEASING = YES;
				CLANG_WARN_BOOL_CONVERSION = YES;
				CLANG_WARN_COMMA = YES;
				CLANG_WARN_CONSTANT_CONVERSION = YES;
				CLANG_WARN_DEPRECATED_OBJC_IMPLEMENTATIONS = YES;
				CLANG_WARN_DIRECT_OBJC_ISA_USAGE = YES_ERROR;
				CLANG_WARN_DOCUMENTATION_COMMENTS = YES;
				CLANG_WARN_EMPTY_BODY = YES;
				CLANG_WARN_ENUM_CONVERSION = YES;
				CLANG_WARN_INFINITE_RECURSION = YES;
				CLANG_WARN_INT_CONVERSION = YES;
				CLANG_WARN_NON_LITERAL_NULL_CONVERSION = YES;
				CLANG_WARN_OBJC_IMPLICIT_RETAIN_SELF = YES;
				CLANG_WARN_OBJC_LITERAL_CONVERSION = YES;
				CLANG_WARN_OBJC_ROOT_CLASS = YES_ERROR;
				CLANG_WARN_QUOTED_INCLUDE_IN_FRAMEWORK_HEADER = YES;
				CLANG_WARN_RANGE_LOOP_ANALYSIS = YES;
				CLANG_WARN_STRICT_PROTOTYPES = YES;
				CLANG_WARN_SUSPICIOUS_MOVE = YES;
				CLANG_WARN_UNGUARDED_AVAILABILITY = YES_AGGRESSIVE;
				CLANG_WARN_UNREACHABLE_CODE = YES;
				CLANG_WARN__DUPLICATE_METHOD_MATCH = YES;
				COPY_PHASE_STRIP = NO;
				DEBUG_INFORMATION_FORMAT = dwarf;
				ENABLE_STRICT_OBJC_MSGSEND = YES;
				ENABLE_TESTABILITY = YES;
				ENABLE_USER_SCRIPT_SANDBOXING = YES;
				GCC_C_LANGUAGE_STANDARD = gnu17;
				GCC_DYNAMIC_NO_PIC = NO;
				GCC_NO_COMMON_BLOCKS = YES;
				GCC_OPTIMIZATION_LEVEL = 0;
				GCC_PREPROCESSOR_DEFINITIONS = (
					"DEBUG=1",
					"$(inherited)",
				);
				GCC_WARN_64_TO_32_BIT_CONVERSION = YES;
				GCC_WARN_ABOUT_RETURN_TYPE = YES_ERROR;
				GCC_WARN_UNDECLARED_SELECTOR = YES;
				GCC_WARN_UNINITIALIZED_AUTOS = YES_AGGRESSIVE;
				GCC_WARN_UNUSED_FUNCTION = YES;
				GCC_WARN_UNUSED_VARIABLE = YES;
				IPHONEOS_DEPLOYMENT_TARGET = 17.0;
				LOCALIZATION_PREFERS_STRING_CATALOGS = YES;
				MTL_ENABLE_DEBUG_INFO = INCLUDE_SOURCE;
				MTL_FAST_MATH = YES;
				ONLY_ACTIVE_ARCH = YES;
				SDKROOT = iphoneos;
				SWIFT_ACTIVE_COMPILATION_CONDITIONS = "DEBUG $(inherited)";
				SWIFT_OPTIMIZATION_LEVEL = "-Onone";
			};
			name = Debug;
		};
		289AF8A52AE97785004B11B4 /* Release */ = {
			isa = XCBuildConfiguration;
			buildSettings = {
				ALWAYS_SEARCH_USER_PATHS = NO;
				ASSETCATALOG_COMPILER_GENERATE_SWIFT_ASSET_SYMBOL_EXTENSIONS = YES;
				CLANG_ANALYZER_NONNULL = YES;
				CLANG_ANALYZER_NUMBER_OBJECT_CONVERSION = YES_AGGRESSIVE;
				CLANG_CXX_LANGUAGE_STANDARD = "gnu++20";
				CLANG_ENABLE_MODULES = YES;
				CLANG_ENABLE_OBJC_ARC = YES;
				CLANG_ENABLE_OBJC_WEAK = YES;
				CLANG_WARN_BLOCK_CAPTURE_AUTORELEASING = YES;
				CLANG_WARN_BOOL_CONVERSION = YES;
				CLANG_WARN_COMMA = YES;
				CLANG_WARN_CONSTANT_CONVERSION = YES;
				CLANG_WARN_DEPRECATED_OBJC_IMPLEMENTATIONS = YES;
				CLANG_WARN_DIRECT_OBJC_ISA_USAGE = YES_ERROR;
				CLANG_WARN_DOCUMENTATION_COMMENTS = YES;
				CLANG_WARN_EMPTY_BODY = YES;
				CLANG_WARN_ENUM_CONVERSION = YES;
				CLANG_WARN_INFINITE_RECURSION = YES;
				CLANG_WARN_INT_CONVERSION = YES;
				CLANG_WARN_NON_LITERAL_NULL_CONVERSION = YES;
				CLANG_WARN_OBJC_IMPLICIT_RETAIN_SELF = YES;
				CLANG_WARN_OBJC_LITERAL_CONVERSION = YES;
				CLANG_WARN_OBJC_ROOT_CLASS = YES_ERROR;
				CLANG_WARN_QUOTED_INCLUDE_IN_FRAMEWORK_HEADER = YES;
				CLANG_WARN_RANGE_LOOP_ANALYSIS = YES;
				CLANG_WARN_STRICT_PROTOTYPES = YES;
				CLANG_WARN_SUSPICIOUS_MOVE = YES;
				CLANG_WARN_UNGUARDED_AVAILABILITY = YES_AGGRESSIVE;
				CLANG_WARN_UNREACHABLE_CODE = YES;
				CLANG_WARN__DUPLICATE_METHOD_MATCH = YES;
				COPY_PHASE_STRIP = NO;
				DEBUG_INFORMATION_FORMAT = "dwarf-with-dsym";
				ENABLE_NS_ASSERTIONS = NO;
				ENABLE_STRICT_OBJC_MSGSEND = YES;
				ENABLE_USER_SCRIPT_SANDBOXING = YES;
				GCC_C_LANGUAGE_STANDARD = gnu17;
				GCC_NO_COMMON_BLOCKS = YES;
				GCC_WARN_64_TO_32_BIT_CONVERSION = YES;
				GCC_WARN_ABOUT_RETURN_TYPE = YES_ERROR;
				GCC_WARN_UNDECLARED_SELECTOR = YES;
				GCC_WARN_UNINITIALIZED_AUTOS = YES_AGGRESSIVE;
				GCC_WARN_UNUSED_FUNCTION = YES;
				GCC_WARN_UNUSED_VARIABLE = YES;
				IPHONEOS_DEPLOYMENT_TARGET = 17.0;
				LOCALIZATION_PREFERS_STRING_CATALOGS = YES;
				MTL_ENABLE_DEBUG_INFO = NO;
				MTL_FAST_MATH = YES;
				SDKROOT = iphoneos;
				SWIFT_COMPILATION_MODE = wholemodule;
				VALIDATE_PRODUCT = YES;
			};
			name = Release;
		};
		289AF8A72AE97785004B11B4 /* Debug */ = {
			isa = XCBuildConfiguration;
			buildSettings = {
				ASSETCATALOG_COMPILER_APPICON_NAME = AppIcon;
				ASSETCATALOG_COMPILER_GLOBAL_ACCENT_COLOR_NAME = AccentColor;
				CODE_SIGN_STYLE = Automatic;
				CURRENT_PROJECT_VERSION = 1;
				DEVELOPMENT_ASSET_PATHS = "\"FirestoreExample/Preview Content\"";
				DEVELOPMENT_TEAM = ZX2NB6A6YK;
				ENABLE_PREVIEWS = YES;
				GENERATE_INFOPLIST_FILE = YES;
				INFOPLIST_KEY_UIApplicationSceneManifest_Generation = YES;
				INFOPLIST_KEY_UIApplicationSupportsIndirectInputEvents = YES;
				INFOPLIST_KEY_UILaunchScreen_Generation = YES;
				INFOPLIST_KEY_UISupportedInterfaceOrientations_iPad = "UIInterfaceOrientationPortrait UIInterfaceOrientationPortraitUpsideDown UIInterfaceOrientationLandscapeLeft UIInterfaceOrientationLandscapeRight";
				INFOPLIST_KEY_UISupportedInterfaceOrientations_iPhone = "UIInterfaceOrientationPortrait UIInterfaceOrientationLandscapeLeft UIInterfaceOrientationLandscapeRight";
				LD_RUNPATH_SEARCH_PATHS = (
					"$(inherited)",
					"@executable_path/Frameworks",
				);
				MARKETING_VERSION = 1.0;
				PRODUCT_BUNDLE_IDENTIFIER = com.louis.FirestoreExample;
				PRODUCT_NAME = "$(TARGET_NAME)";
				SWIFT_EMIT_LOC_STRINGS = YES;
				SWIFT_VERSION = 5.0;
				TARGETED_DEVICE_FAMILY = "1,2";
			};
			name = Debug;
		};
		289AF8A82AE97785004B11B4 /* Release */ = {
			isa = XCBuildConfiguration;
			buildSettings = {
				ASSETCATALOG_COMPILER_APPICON_NAME = AppIcon;
				ASSETCATALOG_COMPILER_GLOBAL_ACCENT_COLOR_NAME = AccentColor;
				CODE_SIGN_STYLE = Automatic;
				CURRENT_PROJECT_VERSION = 1;
				DEVELOPMENT_ASSET_PATHS = "\"FirestoreExample/Preview Content\"";
				DEVELOPMENT_TEAM = ZX2NB6A6YK;
				ENABLE_PREVIEWS = YES;
				GENERATE_INFOPLIST_FILE = YES;
				INFOPLIST_KEY_UIApplicationSceneManifest_Generation = YES;
				INFOPLIST_KEY_UIApplicationSupportsIndirectInputEvents = YES;
				INFOPLIST_KEY_UILaunchScreen_Generation = YES;
				INFOPLIST_KEY_UISupportedInterfaceOrientations_iPad = "UIInterfaceOrientationPortrait UIInterfaceOrientationPortraitUpsideDown UIInterfaceOrientationLandscapeLeft UIInterfaceOrientationLandscapeRight";
				INFOPLIST_KEY_UISupportedInterfaceOrientations_iPhone = "UIInterfaceOrientationPortrait UIInterfaceOrientationLandscapeLeft UIInterfaceOrientationLandscapeRight";
				LD_RUNPATH_SEARCH_PATHS = (
					"$(inherited)",
					"@executable_path/Frameworks",
				);
				MARKETING_VERSION = 1.0;
				PRODUCT_BUNDLE_IDENTIFIER = com.louis.FirestoreExample;
				PRODUCT_NAME = "$(TARGET_NAME)";
				SWIFT_EMIT_LOC_STRINGS = YES;
				SWIFT_VERSION = 5.0;
				TARGETED_DEVICE_FAMILY = "1,2";
			};
			name = Release;
		};
/* End XCBuildConfiguration section */

/* Begin XCConfigurationList section */
		289AF8932AE97783004B11B4 /* Build configuration list for PBXProject "FirestoreExample" */ = {
			isa = XCConfigurationList;
			buildConfigurations = (
				289AF8A42AE97785004B11B4 /* Debug */,
				289AF8A52AE97785004B11B4 /* Release */,
			);
			defaultConfigurationIsVisible = 0;
			defaultConfigurationName = Release;
		};
		289AF8A62AE97785004B11B4 /* Build configuration list for PBXNativeTarget "FirestoreExample" */ = {
			isa = XCConfigurationList;
			buildConfigurations = (
				289AF8A72AE97785004B11B4 /* Debug */,
				289AF8A82AE97785004B11B4 /* Release */,
			);
			defaultConfigurationIsVisible = 0;
			defaultConfigurationName = Release;
		};
/* End XCConfigurationList section */

/* Begin XCRemoteSwiftPackageReference section */
		289AF8A92AE977CF004B11B4 /* XCRemoteSwiftPackageReference "firebase-ios-sdk" */ = {
			isa = XCRemoteSwiftPackageReference;
			repositoryURL = "https://github.com/firebase/firebase-ios-sdk.git";
			requirement = {
				kind = upToNextMajorVersion;
				minimumVersion = 10.16.0;
			};
		};
/* End XCRemoteSwiftPackageReference section */

/* Begin XCSwiftPackageProductDependency section */
		289AF8AA2AE977CF004B11B4 /* FirebaseAnalytics */ = {
			isa = XCSwiftPackageProductDependency;
			package = 289AF8A92AE977CF004B11B4 /* XCRemoteSwiftPackageReference "firebase-ios-sdk" */;
			productName = FirebaseAnalytics;
		};
		289AF8AC2AE977CF004B11B4 /* FirebaseAnalyticsOnDeviceConversion */ = {
			isa = XCSwiftPackageProductDependency;
			package = 289AF8A92AE977CF004B11B4 /* XCRemoteSwiftPackageReference "firebase-ios-sdk" */;
			productName = FirebaseAnalyticsOnDeviceConversion;
		};
		289AF8AE2AE977CF004B11B4 /* FirebaseAnalyticsSwift */ = {
			isa = XCSwiftPackageProductDependency;
			package = 289AF8A92AE977CF004B11B4 /* XCRemoteSwiftPackageReference "firebase-ios-sdk" */;
			productName = FirebaseAnalyticsSwift;
		};
		289AF8B02AE977CF004B11B4 /* FirebaseAnalyticsWithoutAdIdSupport */ = {
			isa = XCSwiftPackageProductDependency;
			package = 289AF8A92AE977CF004B11B4 /* XCRemoteSwiftPackageReference "firebase-ios-sdk" */;
			productName = FirebaseAnalyticsWithoutAdIdSupport;
		};
		289AF8B22AE977CF004B11B4 /* FirebaseAppCheck */ = {
			isa = XCSwiftPackageProductDependency;
			package = 289AF8A92AE977CF004B11B4 /* XCRemoteSwiftPackageReference "firebase-ios-sdk" */;
			productName = FirebaseAppCheck;
		};
		289AF8B42AE977CF004B11B4 /* FirebaseAppDistribution-Beta */ = {
			isa = XCSwiftPackageProductDependency;
			package = 289AF8A92AE977CF004B11B4 /* XCRemoteSwiftPackageReference "firebase-ios-sdk" */;
			productName = "FirebaseAppDistribution-Beta";
		};
		289AF8B62AE977CF004B11B4 /* FirebaseAuth */ = {
			isa = XCSwiftPackageProductDependency;
			package = 289AF8A92AE977CF004B11B4 /* XCRemoteSwiftPackageReference "firebase-ios-sdk" */;
			productName = FirebaseAuth;
		};
		289AF8B82AE977CF004B11B4 /* FirebaseAuthCombine-Community */ = {
			isa = XCSwiftPackageProductDependency;
			package = 289AF8A92AE977CF004B11B4 /* XCRemoteSwiftPackageReference "firebase-ios-sdk" */;
			productName = "FirebaseAuthCombine-Community";
		};
		289AF8BA2AE977CF004B11B4 /* FirebaseCrashlytics */ = {
			isa = XCSwiftPackageProductDependency;
			package = 289AF8A92AE977CF004B11B4 /* XCRemoteSwiftPackageReference "firebase-ios-sdk" */;
			productName = FirebaseCrashlytics;
		};
		289AF8BC2AE977CF004B11B4 /* FirebaseDatabase */ = {
			isa = XCSwiftPackageProductDependency;
			package = 289AF8A92AE977CF004B11B4 /* XCRemoteSwiftPackageReference "firebase-ios-sdk" */;
			productName = FirebaseDatabase;
		};
		289AF8BE2AE977CF004B11B4 /* FirebaseDatabaseSwift */ = {
			isa = XCSwiftPackageProductDependency;
			package = 289AF8A92AE977CF004B11B4 /* XCRemoteSwiftPackageReference "firebase-ios-sdk" */;
			productName = FirebaseDatabaseSwift;
		};
		289AF8C02AE977CF004B11B4 /* FirebaseDynamicLinks */ = {
			isa = XCSwiftPackageProductDependency;
			package = 289AF8A92AE977CF004B11B4 /* XCRemoteSwiftPackageReference "firebase-ios-sdk" */;
			productName = FirebaseDynamicLinks;
		};
		289AF8C22AE977CF004B11B4 /* FirebaseFirestore */ = {
			isa = XCSwiftPackageProductDependency;
			package = 289AF8A92AE977CF004B11B4 /* XCRemoteSwiftPackageReference "firebase-ios-sdk" */;
			productName = FirebaseFirestore;
		};
		289AF8C42AE977CF004B11B4 /* FirebaseFirestoreCombine-Community */ = {
			isa = XCSwiftPackageProductDependency;
			package = 289AF8A92AE977CF004B11B4 /* XCRemoteSwiftPackageReference "firebase-ios-sdk" */;
			productName = "FirebaseFirestoreCombine-Community";
		};
		289AF8C62AE977CF004B11B4 /* FirebaseFirestoreSwift */ = {
			isa = XCSwiftPackageProductDependency;
			package = 289AF8A92AE977CF004B11B4 /* XCRemoteSwiftPackageReference "firebase-ios-sdk" */;
			productName = FirebaseFirestoreSwift;
		};
		289AF8C82AE977CF004B11B4 /* FirebaseFunctions */ = {
			isa = XCSwiftPackageProductDependency;
			package = 289AF8A92AE977CF004B11B4 /* XCRemoteSwiftPackageReference "firebase-ios-sdk" */;
			productName = FirebaseFunctions;
		};
		289AF8CA2AE977CF004B11B4 /* FirebaseFunctionsCombine-Community */ = {
			isa = XCSwiftPackageProductDependency;
			package = 289AF8A92AE977CF004B11B4 /* XCRemoteSwiftPackageReference "firebase-ios-sdk" */;
			productName = "FirebaseFunctionsCombine-Community";
		};
		289AF8CC2AE977CF004B11B4 /* FirebaseInAppMessaging-Beta */ = {
			isa = XCSwiftPackageProductDependency;
			package = 289AF8A92AE977CF004B11B4 /* XCRemoteSwiftPackageReference "firebase-ios-sdk" */;
			productName = "FirebaseInAppMessaging-Beta";
		};
		289AF8CE2AE977CF004B11B4 /* FirebaseInAppMessagingSwift-Beta */ = {
			isa = XCSwiftPackageProductDependency;
			package = 289AF8A92AE977CF004B11B4 /* XCRemoteSwiftPackageReference "firebase-ios-sdk" */;
			productName = "FirebaseInAppMessagingSwift-Beta";
		};
		289AF8D02AE977CF004B11B4 /* FirebaseInstallations */ = {
			isa = XCSwiftPackageProductDependency;
			package = 289AF8A92AE977CF004B11B4 /* XCRemoteSwiftPackageReference "firebase-ios-sdk" */;
			productName = FirebaseInstallations;
		};
		289AF8D22AE977CF004B11B4 /* FirebaseMLModelDownloader */ = {
			isa = XCSwiftPackageProductDependency;
			package = 289AF8A92AE977CF004B11B4 /* XCRemoteSwiftPackageReference "firebase-ios-sdk" */;
			productName = FirebaseMLModelDownloader;
		};
		289AF8D42AE977CF004B11B4 /* FirebaseMessaging */ = {
			isa = XCSwiftPackageProductDependency;
			package = 289AF8A92AE977CF004B11B4 /* XCRemoteSwiftPackageReference "firebase-ios-sdk" */;
			productName = FirebaseMessaging;
		};
		289AF8D62AE977CF004B11B4 /* FirebasePerformance */ = {
			isa = XCSwiftPackageProductDependency;
			package = 289AF8A92AE977CF004B11B4 /* XCRemoteSwiftPackageReference "firebase-ios-sdk" */;
			productName = FirebasePerformance;
		};
		289AF8D82AE977CF004B11B4 /* FirebaseRemoteConfig */ = {
			isa = XCSwiftPackageProductDependency;
			package = 289AF8A92AE977CF004B11B4 /* XCRemoteSwiftPackageReference "firebase-ios-sdk" */;
			productName = FirebaseRemoteConfig;
		};
		289AF8DA2AE977CF004B11B4 /* FirebaseRemoteConfigSwift */ = {
			isa = XCSwiftPackageProductDependency;
			package = 289AF8A92AE977CF004B11B4 /* XCRemoteSwiftPackageReference "firebase-ios-sdk" */;
			productName = FirebaseRemoteConfigSwift;
		};
		289AF8DC2AE977CF004B11B4 /* FirebaseStorage */ = {
			isa = XCSwiftPackageProductDependency;
			package = 289AF8A92AE977CF004B11B4 /* XCRemoteSwiftPackageReference "firebase-ios-sdk" */;
			productName = FirebaseStorage;
		};
		289AF8DE2AE977CF004B11B4 /* FirebaseStorageCombine-Community */ = {
			isa = XCSwiftPackageProductDependency;
			package = 289AF8A92AE977CF004B11B4 /* XCRemoteSwiftPackageReference "firebase-ios-sdk" */;
			productName = "FirebaseStorageCombine-Community";
		};
/* End XCSwiftPackageProductDependency section */
	};
	rootObject = 289AF8902AE97783004B11B4 /* Project object */;
}
