// !$*UTF8*$!
{
	archiveVersion = 1;
	classes = {
	};
	objectVersion = 56;
	objects = {

/* Begin PBXBuildFile section */
		284EE9D92AFC60D800BB120E /* GridDemo2.swift in Sources */ = {isa = PBXBuildFile; fileRef = 284EE9D82AFC60D800BB120E /* GridDemo2.swift */; };
		284EE9DB2AFC610E00BB120E /* ex1.swift in Sources */ = {isa = PBXBuildFile; fileRef = 284EE9DA2AFC610E00BB120E /* ex1.swift */; };
		284EE9DD2AFC77B300BB120E /* GridRowDemo.swift in Sources */ = {isa = PBXBuildFile; fileRef = 284EE9DC2AFC77B300BB120E /* GridRowDemo.swift */; };
		284EEA152AFC9E4900BB120E /* SwiftUIView.swift in Sources */ = {isa = PBXBuildFile; fileRef = 284EEA142AFC9E4900BB120E /* SwiftUIView.swift */; };
		284EEA172AFCA1CB00BB120E /* teamEx.swift in Sources */ = {isa = PBXBuildFile; fileRef = 284EEA162AFCA1CB00BB120E /* teamEx.swift */; };
		28B894622AFB7181001D702F /* GridDemoApp.swift in Sources */ = {isa = PBXBuildFile; fileRef = 28B894612AFB7181001D702F /* GridDemoApp.swift */; };
		28B894642AFB7181001D702F /* ContentView.swift in Sources */ = {isa = PBXBuildFile; fileRef = 28B894632AFB7181001D702F /* ContentView.swift */; };
		28B894662AFB7183001D702F /* Assets.xcassets in Resources */ = {isa = PBXBuildFile; fileRef = 28B894652AFB7183001D702F /* Assets.xcassets */; };
		28B894692AFB7183001D702F /* Preview Assets.xcassets in Resources */ = {isa = PBXBuildFile; fileRef = 28B894682AFB7183001D702F /* Preview Assets.xcassets */; };
/* End PBXBuildFile section */

/* Begin PBXFileReference section */
		284EE9D82AFC60D800BB120E /* GridDemo2.swift */ = {isa = PBXFileReference; lastKnownFileType = sourcecode.swift; path = GridDemo2.swift; sourceTree = "<group>"; };
		284EE9DA2AFC610E00BB120E /* ex1.swift */ = {isa = PBXFileReference; lastKnownFileType = sourcecode.swift; path = ex1.swift; sourceTree = "<group>"; };
		284EE9DC2AFC77B300BB120E /* GridRowDemo.swift */ = {isa = PBXFileReference; lastKnownFileType = sourcecode.swift; path = GridRowDemo.swift; sourceTree = "<group>"; };
		284EEA142AFC9E4900BB120E /* SwiftUIView.swift */ = {isa = PBXFileReference; fileEncoding = 4; lastKnownFileType = sourcecode.swift; path = SwiftUIView.swift; sourceTree = "<group>"; };
		284EEA162AFCA1CB00BB120E /* teamEx.swift */ = {isa = PBXFileReference; lastKnownFileType = sourcecode.swift; path = teamEx.swift; sourceTree = "<group>"; };
		28B8945E2AFB7181001D702F /* GridDemo.app */ = {isa = PBXFileReference; explicitFileType = wrapper.application; includeInIndex = 0; path = GridDemo.app; sourceTree = BUILT_PRODUCTS_DIR; };
		28B894612AFB7181001D702F /* GridDemoApp.swift */ = {isa = PBXFileReference; lastKnownFileType = sourcecode.swift; path = GridDemoApp.swift; sourceTree = "<group>"; };
		28B894632AFB7181001D702F /* ContentView.swift */ = {isa = PBXFileReference; lastKnownFileType = sourcecode.swift; path = ContentView.swift; sourceTree = "<group>"; };
		28B894652AFB7183001D702F /* Assets.xcassets */ = {isa = PBXFileReference; lastKnownFileType = folder.assetcatalog; path = Assets.xcassets; sourceTree = "<group>"; };
		28B894682AFB7183001D702F /* Preview Assets.xcassets */ = {isa = PBXFileReference; lastKnownFileType = folder.assetcatalog; path = "Preview Assets.xcassets"; sourceTree = "<group>"; };
/* End PBXFileReference section */

/* Begin PBXFrameworksBuildPhase section */
		28B8945B2AFB7181001D702F /* Frameworks */ = {
			isa = PBXFrameworksBuildPhase;
			buildActionMask = 2147483647;
			files = (
			);
			runOnlyForDeploymentPostprocessing = 0;
		};
/* End PBXFrameworksBuildPhase section */

/* Begin PBXGroup section */
		28B894552AFB7181001D702F = {
			isa = PBXGroup;
			children = (
				28B894602AFB7181001D702F /* GridDemo */,
				28B8945F2AFB7181001D702F /* Products */,
			);
			sourceTree = "<group>";
		};
		28B8945F2AFB7181001D702F /* Products */ = {
			isa = PBXGroup;
			children = (
				28B8945E2AFB7181001D702F /* GridDemo.app */,
			);
			name = Products;
			sourceTree = "<group>";
		};
		28B894602AFB7181001D702F /* GridDemo */ = {
			isa = PBXGroup;
			children = (
				28B894612AFB7181001D702F /* GridDemoApp.swift */,
				28B894632AFB7181001D702F /* ContentView.swift */,
				284EE9D82AFC60D800BB120E /* GridDemo2.swift */,
				28B894652AFB7183001D702F /* Assets.xcassets */,
				28B894672AFB7183001D702F /* Preview Content */,
				284EEA142AFC9E4900BB120E /* SwiftUIView.swift */,
				284EE9DA2AFC610E00BB120E /* ex1.swift */,
				284EE9DC2AFC77B300BB120E /* GridRowDemo.swift */,
			);
			path = GridDemo;
			sourceTree = "<group>";
		};
		28B894672AFB7183001D702F /* Preview Content */ = {
			isa = PBXGroup;
			children = (
				28B894682AFB7183001D702F /* Preview Assets.xcassets */,
				284EEA162AFCA1CB00BB120E /* teamEx.swift */,
			);
			path = "Preview Content";
			sourceTree = "<group>";
		};
/* End PBXGroup section */

/* Begin PBXNativeTarget section */
		28B8945D2AFB7181001D702F /* GridDemo */ = {
			isa = PBXNativeTarget;
			buildConfigurationList = 28B8946C2AFB7183001D702F /* Build configuration list for PBXNativeTarget "GridDemo" */;
			buildPhases = (
				28B8945A2AFB7181001D702F /* Sources */,
				28B8945B2AFB7181001D702F /* Frameworks */,
				28B8945C2AFB7181001D702F /* Resources */,
			);
			buildRules = (
			);
			dependencies = (
			);
			name = GridDemo;
			productName = GridDemo;
			productReference = 28B8945E2AFB7181001D702F /* GridDemo.app */;
			productType = "com.apple.product-type.application";
		};
/* End PBXNativeTarget section */

/* Begin PBXProject section */
		28B894562AFB7181001D702F /* Project object */ = {
			isa = PBXProject;
			attributes = {
				BuildIndependentTargetsInParallel = 1;
				LastSwiftUpdateCheck = 1500;
				LastUpgradeCheck = 1500;
				TargetAttributes = {
					28B8945D2AFB7181001D702F = {
						CreatedOnToolsVersion = 15.0.1;
					};
				};
			};
			buildConfigurationList = 28B894592AFB7181001D702F /* Build configuration list for PBXProject "GridDemo" */;
			compatibilityVersion = "Xcode 14.0";
			developmentRegion = en;
			hasScannedForEncodings = 0;
			knownRegions = (
				en,
				Base,
			);
			mainGroup = 28B894552AFB7181001D702F;
			productRefGroup = 28B8945F2AFB7181001D702F /* Products */;
			projectDirPath = "";
			projectRoot = "";
			targets = (
				28B8945D2AFB7181001D702F /* GridDemo */,
			);
		};
/* End PBXProject section */

/* Begin PBXResourcesBuildPhase section */
		28B8945C2AFB7181001D702F /* Resources */ = {
			isa = PBXResourcesBuildPhase;
			buildActionMask = 2147483647;
			files = (
				28B894692AFB7183001D702F /* Preview Assets.xcassets in Resources */,
				28B894662AFB7183001D702F /* Assets.xcassets in Resources */,
			);
			runOnlyForDeploymentPostprocessing = 0;
		};
/* End PBXResourcesBuildPhase section */

/* Begin PBXSourcesBuildPhase section */
		28B8945A2AFB7181001D702F /* Sources */ = {
			isa = PBXSourcesBuildPhase;
			buildActionMask = 2147483647;
			files = (
				284EE9DD2AFC77B300BB120E /* GridRowDemo.swift in Sources */,
				284EEA172AFCA1CB00BB120E /* teamEx.swift in Sources */,
				28B894642AFB7181001D702F /* ContentView.swift in Sources */,
				284EEA152AFC9E4900BB120E /* SwiftUIView.swift in Sources */,
				284EE9D92AFC60D800BB120E /* GridDemo2.swift in Sources */,
				284EE9DB2AFC610E00BB120E /* ex1.swift in Sources */,
				28B894622AFB7181001D702F /* GridDemoApp.swift in Sources */,
			);
			runOnlyForDeploymentPostprocessing = 0;
		};
/* End PBXSourcesBuildPhase section */

/* Begin XCBuildConfiguration section */
		28B8946A2AFB7183001D702F /* Debug */ = {
			isa = XCBuildConfiguration;
			buildSettings = {
				ALWAYS_SEARCH_USER_PATHS = NO;
				ASSETCATALOG_COMPILER_GENERATE_SWIFT_ASSET_SYMBOL_EXTENSIONS = YES;
				CLANG_ANALYZER_NONNULL = YES;
				CLANG_ANALYZER_NUMBER_OBJECT_CONVERSION = YES_AGGRESSIVE;
				CLANG_CXX_LANGUAGE_STANDARD = "gnu++20";
				CLANG_ENABLE_MODULES = YES;
				CLANG_ENABLE_OBJC_ARC = YES;
				CLANG_ENABLE_OBJC_WEAK = YES;
				CLANG_WARN_BLOCK_CAPTURE_AUTORELEASING = YES;
				CLANG_WARN_BOOL_CONVERSION = YES;
				CLANG_WARN_COMMA = YES;
				CLANG_WARN_CONSTANT_CONVERSION = YES;
				CLANG_WARN_DEPRECATED_OBJC_IMPLEMENTATIONS = YES;
				CLANG_WARN_DIRECT_OBJC_ISA_USAGE = YES_ERROR;
				CLANG_WARN_DOCUMENTATION_COMMENTS = YES;
				CLANG_WARN_EMPTY_BODY = YES;
				CLANG_WARN_ENUM_CONVERSION = YES;
				CLANG_WARN_INFINITE_RECURSION = YES;
				CLANG_WARN_INT_CONVERSION = YES;
				CLANG_WARN_NON_LITERAL_NULL_CONVERSION = YES;
				CLANG_WARN_OBJC_IMPLICIT_RETAIN_SELF = YES;
				CLANG_WARN_OBJC_LITERAL_CONVERSION = YES;
				CLANG_WARN_OBJC_ROOT_CLASS = YES_ERROR;
				CLANG_WARN_QUOTED_INCLUDE_IN_FRAMEWORK_HEADER = YES;
				CLANG_WARN_RANGE_LOOP_ANALYSIS = YES;
				CLANG_WARN_STRICT_PROTOTYPES = YES;
				CLANG_WARN_SUSPICIOUS_MOVE = YES;
				CLANG_WARN_UNGUARDED_AVAILABILITY = YES_AGGRESSIVE;
				CLANG_WARN_UNREACHABLE_CODE = YES;
				CLANG_WARN__DUPLICATE_METHOD_MATCH = YES;
				COPY_PHASE_STRIP = NO;
				DEBUG_INFORMATION_FORMAT = dwarf;
				ENABLE_STRICT_OBJC_MSGSEND = YES;
				ENABLE_TESTABILITY = YES;
				ENABLE_USER_SCRIPT_SANDBOXING = YES;
				GCC_C_LANGUAGE_STANDARD = gnu17;
				GCC_DYNAMIC_NO_PIC = NO;
				GCC_NO_COMMON_BLOCKS = YES;
				GCC_OPTIMIZATION_LEVEL = 0;
				GCC_PREPROCESSOR_DEFINITIONS = (
					"DEBUG=1",
					"$(inherited)",
				);
				GCC_WARN_64_TO_32_BIT_CONVERSION = YES;
				GCC_WARN_ABOUT_RETURN_TYPE = YES_ERROR;
				GCC_WARN_UNDECLARED_SELECTOR = YES;
				GCC_WARN_UNINITIALIZED_AUTOS = YES_AGGRESSIVE;
				GCC_WARN_UNUSED_FUNCTION = YES;
				GCC_WARN_UNUSED_VARIABLE = YES;
				IPHONEOS_DEPLOYMENT_TARGET = 17.0;
				LOCALIZATION_PREFERS_STRING_CATALOGS = YES;
				MTL_ENABLE_DEBUG_INFO = INCLUDE_SOURCE;
				MTL_FAST_MATH = YES;
				ONLY_ACTIVE_ARCH = YES;
				SDKROOT = iphoneos;
				SWIFT_ACTIVE_COMPILATION_CONDITIONS = "DEBUG $(inherited)";
				SWIFT_OPTIMIZATION_LEVEL = "-Onone";
			};
			name = Debug;
		};
		28B8946B2AFB7183001D702F /* Release */ = {
			isa = XCBuildConfiguration;
			buildSettings = {
				ALWAYS_SEARCH_USER_PATHS = NO;
				ASSETCATALOG_COMPILER_GENERATE_SWIFT_ASSET_SYMBOL_EXTENSIONS = YES;
				CLANG_ANALYZER_NONNULL = YES;
				CLANG_ANALYZER_NUMBER_OBJECT_CONVERSION = YES_AGGRESSIVE;
				CLANG_CXX_LANGUAGE_STANDARD = "gnu++20";
				CLANG_ENABLE_MODULES = YES;
				CLANG_ENABLE_OBJC_ARC = YES;
				CLANG_ENABLE_OBJC_WEAK = YES;
				CLANG_WARN_BLOCK_CAPTURE_AUTORELEASING = YES;
				CLANG_WARN_BOOL_CONVERSION = YES;
				CLANG_WARN_COMMA = YES;
				CLANG_WARN_CONSTANT_CONVERSION = YES;
				CLANG_WARN_DEPRECATED_OBJC_IMPLEMENTATIONS = YES;
				CLANG_WARN_DIRECT_OBJC_ISA_USAGE = YES_ERROR;
				CLANG_WARN_DOCUMENTATION_COMMENTS = YES;
				CLANG_WARN_EMPTY_BODY = YES;
				CLANG_WARN_ENUM_CONVERSION = YES;
				CLANG_WARN_INFINITE_RECURSION = YES;
				CLANG_WARN_INT_CONVERSION = YES;
				CLANG_WARN_NON_LITERAL_NULL_CONVERSION = YES;
				CLANG_WARN_OBJC_IMPLICIT_RETAIN_SELF = YES;
				CLANG_WARN_OBJC_LITERAL_CONVERSION = YES;
				CLANG_WARN_OBJC_ROOT_CLASS = YES_ERROR;
				CLANG_WARN_QUOTED_INCLUDE_IN_FRAMEWORK_HEADER = YES;
				CLANG_WARN_RANGE_LOOP_ANALYSIS = YES;
				CLANG_WARN_STRICT_PROTOTYPES = YES;
				CLANG_WARN_SUSPICIOUS_MOVE = YES;
				CLANG_WARN_UNGUARDED_AVAILABILITY = YES_AGGRESSIVE;
				CLANG_WARN_UNREACHABLE_CODE = YES;
				CLANG_WARN__DUPLICATE_METHOD_MATCH = YES;
				COPY_PHASE_STRIP = NO;
				DEBUG_INFORMATION_FORMAT = "dwarf-with-dsym";
				ENABLE_NS_ASSERTIONS = NO;
				ENABLE_STRICT_OBJC_MSGSEND = YES;
				ENABLE_USER_SCRIPT_SANDBOXING = YES;
				GCC_C_LANGUAGE_STANDARD = gnu17;
				GCC_NO_COMMON_BLOCKS = YES;
				GCC_WARN_64_TO_32_BIT_CONVERSION = YES;
				GCC_WARN_ABOUT_RETURN_TYPE = YES_ERROR;
				GCC_WARN_UNDECLARED_SELECTOR = YES;
				GCC_WARN_UNINITIALIZED_AUTOS = YES_AGGRESSIVE;
				GCC_WARN_UNUSED_FUNCTION = YES;
				GCC_WARN_UNUSED_VARIABLE = YES;
				IPHONEOS_DEPLOYMENT_TARGET = 17.0;
				LOCALIZATION_PREFERS_STRING_CATALOGS = YES;
				MTL_ENABLE_DEBUG_INFO = NO;
				MTL_FAST_MATH = YES;
				SDKROOT = iphoneos;
				SWIFT_COMPILATION_MODE = wholemodule;
				VALIDATE_PRODUCT = YES;
			};
			name = Release;
		};
		28B8946D2AFB7183001D702F /* Debug */ = {
			isa = XCBuildConfiguration;
			buildSettings = {
				ASSETCATALOG_COMPILER_APPICON_NAME = AppIcon;
				ASSETCATALOG_COMPILER_GLOBAL_ACCENT_COLOR_NAME = AccentColor;
				CODE_SIGN_STYLE = Automatic;
				CURRENT_PROJECT_VERSION = 1;
				DEVELOPMENT_ASSET_PATHS = "\"GridDemo/Preview Content\"";
				DEVELOPMENT_TEAM = ZX2NB6A6YK;
				ENABLE_PREVIEWS = YES;
				GENERATE_INFOPLIST_FILE = YES;
				INFOPLIST_KEY_UIApplicationSceneManifest_Generation = YES;
				INFOPLIST_KEY_UIApplicationSupportsIndirectInputEvents = YES;
				INFOPLIST_KEY_UILaunchScreen_Generation = YES;
				INFOPLIST_KEY_UISupportedInterfaceOrientations_iPad = "UIInterfaceOrientationPortrait UIInterfaceOrientationPortraitUpsideDown UIInterfaceOrientationLandscapeLeft UIInterfaceOrientationLandscapeRight";
				INFOPLIST_KEY_UISupportedInterfaceOrientations_iPhone = "UIInterfaceOrientationPortrait UIInterfaceOrientationLandscapeLeft UIInterfaceOrientationLandscapeRight";
				LD_RUNPATH_SEARCH_PATHS = (
					"$(inherited)",
					"@executable_path/Frameworks",
				);
				MARKETING_VERSION = 1.0;
				PRODUCT_BUNDLE_IDENTIFIER = com.louis.GridDemo;
				PRODUCT_NAME = "$(TARGET_NAME)";
				SWIFT_EMIT_LOC_STRINGS = YES;
				SWIFT_VERSION = 5.0;
				TARGETED_DEVICE_FAMILY = "1,2";
			};
			name = Debug;
		};
		28B8946E2AFB7183001D702F /* Release */ = {
			isa = XCBuildConfiguration;
			buildSettings = {
				ASSETCATALOG_COMPILER_APPICON_NAME = AppIcon;
				ASSETCATALOG_COMPILER_GLOBAL_ACCENT_COLOR_NAME = AccentColor;
				CODE_SIGN_STYLE = Automatic;
				CURRENT_PROJECT_VERSION = 1;
				DEVELOPMENT_ASSET_PATHS = "\"GridDemo/Preview Content\"";
				DEVELOPMENT_TEAM = ZX2NB6A6YK;
				ENABLE_PREVIEWS = YES;
				GENERATE_INFOPLIST_FILE = YES;
				INFOPLIST_KEY_UIApplicationSceneManifest_Generation = YES;
				INFOPLIST_KEY_UIApplicationSupportsIndirectInputEvents = YES;
				INFOPLIST_KEY_UILaunchScreen_Generation = YES;
				INFOPLIST_KEY_UISupportedInterfaceOrientations_iPad = "UIInterfaceOrientationPortrait UIInterfaceOrientationPortraitUpsideDown UIInterfaceOrientationLandscapeLeft UIInterfaceOrientationLandscapeRight";
				INFOPLIST_KEY_UISupportedInterfaceOrientations_iPhone = "UIInterfaceOrientationPortrait UIInterfaceOrientationLandscapeLeft UIInterfaceOrientationLandscapeRight";
				LD_RUNPATH_SEARCH_PATHS = (
					"$(inherited)",
					"@executable_path/Frameworks",
				);
				MARKETING_VERSION = 1.0;
				PRODUCT_BUNDLE_IDENTIFIER = com.louis.GridDemo;
				PRODUCT_NAME = "$(TARGET_NAME)";
				SWIFT_EMIT_LOC_STRINGS = YES;
				SWIFT_VERSION = 5.0;
				TARGETED_DEVICE_FAMILY = "1,2";
			};
			name = Release;
		};
/* End XCBuildConfiguration section */

/* Begin XCConfigurationList section */
		28B894592AFB7181001D702F /* Build configuration list for PBXProject "GridDemo" */ = {
			isa = XCConfigurationList;
			buildConfigurations = (
				28B8946A2AFB7183001D702F /* Debug */,
				28B8946B2AFB7183001D702F /* Release */,
			);
			defaultConfigurationIsVisible = 0;
			defaultConfigurationName = Release;
		};
		28B8946C2AFB7183001D702F /* Build configuration list for PBXNativeTarget "GridDemo" */ = {
			isa = XCConfigurationList;
			buildConfigurations = (
				28B8946D2AFB7183001D702F /* Debug */,
				28B8946E2AFB7183001D702F /* Release */,
			);
			defaultConfigurationIsVisible = 0;
			defaultConfigurationName = Release;
		};
/* End XCConfigurationList section */
	};
	rootObject = 28B894562AFB7181001D702F /* Project object */;
}
