// !$*UTF8*$!
{
	archiveVersion = 1;
	classes = {
	};
	objectVersion = 56;
	objects = {

/* Begin PBXBuildFile section */
		28D5BDB12AEF7F3500CF8736 /* ex_10_30App.swift in Sources */ = {isa = PBXBuildFile; fileRef = 28D5BDB02AEF7F3500CF8736 /* ex_10_30App.swift */; };
		28D5BDB32AEF7F3500CF8736 /* ContentView.swift in Sources */ = {isa = PBXBuildFile; fileRef = 28D5BDB22AEF7F3500CF8736 /* ContentView.swift */; };
		28D5BDB52AEF7F3600CF8736 /* Assets.xcassets in Resources */ = {isa = PBXBuildFile; fileRef = 28D5BDB42AEF7F3600CF8736 /* Assets.xcassets */; };
		28D5BDB82AEF7F3600CF8736 /* Preview Assets.xcassets in Resources */ = {isa = PBXBuildFile; fileRef = 28D5BDB72AEF7F3600CF8736 /* Preview Assets.xcassets */; };
		28D5BDBF2AEF7F5200CF8736 /* ex1.swift in Sources */ = {isa = PBXBuildFile; fileRef = 28D5BDBE2AEF7F5200CF8736 /* ex1.swift */; };
		28D5BDC12AEF869B00CF8736 /* ex2.swift in Sources */ = {isa = PBXBuildFile; fileRef = 28D5BDC02AEF869B00CF8736 /* ex2.swift */; };
		28D5BDDF2AEFA16100CF8736 /* ex3.swift in Sources */ = {isa = PBXBuildFile; fileRef = 28D5BDDE2AEFA16100CF8736 /* ex3.swift */; };
		28D5BDE12AEFA25000CF8736 /* ex4.swift in Sources */ = {isa = PBXBuildFile; fileRef = 28D5BDE02AEFA25000CF8736 /* ex4.swift */; };
		28D5BDE32AEFA36A00CF8736 /* ex5.swift in Sources */ = {isa = PBXBuildFile; fileRef = 28D5BDE22AEFA36A00CF8736 /* ex5.swift */; };
		28D5BDE52AEFA4BF00CF8736 /* ex6.swift in Sources */ = {isa = PBXBuildFile; fileRef = 28D5BDE42AEFA4BF00CF8736 /* ex6.swift */; };
		28D5BDE72AEFA4E000CF8736 /* ex7.swift in Sources */ = {isa = PBXBuildFile; fileRef = 28D5BDE62AEFA4E000CF8736 /* ex7.swift */; };
/* End PBXBuildFile section */

/* Begin PBXFileReference section */
		28D5BDAD2AEF7F3500CF8736 /* ex_10_30.app */ = {isa = PBXFileReference; explicitFileType = wrapper.application; includeInIndex = 0; path = ex_10_30.app; sourceTree = BUILT_PRODUCTS_DIR; };
		28D5BDB02AEF7F3500CF8736 /* ex_10_30App.swift */ = {isa = PBXFileReference; lastKnownFileType = sourcecode.swift; path = ex_10_30App.swift; sourceTree = "<group>"; };
		28D5BDB22AEF7F3500CF8736 /* ContentView.swift */ = {isa = PBXFileReference; lastKnownFileType = sourcecode.swift; path = ContentView.swift; sourceTree = "<group>"; };
		28D5BDB42AEF7F3600CF8736 /* Assets.xcassets */ = {isa = PBXFileReference; lastKnownFileType = folder.assetcatalog; path = Assets.xcassets; sourceTree = "<group>"; };
		28D5BDB72AEF7F3600CF8736 /* Preview Assets.xcassets */ = {isa = PBXFileReference; lastKnownFileType = folder.assetcatalog; path = "Preview Assets.xcassets"; sourceTree = "<group>"; };
		28D5BDBE2AEF7F5200CF8736 /* ex1.swift */ = {isa = PBXFileReference; lastKnownFileType = sourcecode.swift; path = ex1.swift; sourceTree = "<group>"; };
		28D5BDC02AEF869B00CF8736 /* ex2.swift */ = {isa = PBXFileReference; lastKnownFileType = sourcecode.swift; path = ex2.swift; sourceTree = "<group>"; };
		28D5BDDE2AEFA16100CF8736 /* ex3.swift */ = {isa = PBXFileReference; lastKnownFileType = sourcecode.swift; path = ex3.swift; sourceTree = "<group>"; };
		28D5BDE02AEFA25000CF8736 /* ex4.swift */ = {isa = PBXFileReference; lastKnownFileType = sourcecode.swift; path = ex4.swift; sourceTree = "<group>"; };
		28D5BDE22AEFA36A00CF8736 /* ex5.swift */ = {isa = PBXFileReference; lastKnownFileType = sourcecode.swift; path = ex5.swift; sourceTree = "<group>"; };
		28D5BDE42AEFA4BF00CF8736 /* ex6.swift */ = {isa = PBXFileReference; lastKnownFileType = sourcecode.swift; path = ex6.swift; sourceTree = "<group>"; };
		28D5BDE62AEFA4E000CF8736 /* ex7.swift */ = {isa = PBXFileReference; lastKnownFileType = sourcecode.swift; path = ex7.swift; sourceTree = "<group>"; };
/* End PBXFileReference section */

/* Begin PBXFrameworksBuildPhase section */
		28D5BDAA2AEF7F3500CF8736 /* Frameworks */ = {
			isa = PBXFrameworksBuildPhase;
			buildActionMask = 2147483647;
			files = (
			);
			runOnlyForDeploymentPostprocessing = 0;
		};
/* End PBXFrameworksBuildPhase section */

/* Begin PBXGroup section */
		28D5BDA42AEF7F3500CF8736 = {
			isa = PBXGroup;
			children = (
				28D5BDAF2AEF7F3500CF8736 /* ex_10_30 */,
				28D5BDAE2AEF7F3500CF8736 /* Products */,
			);
			sourceTree = "<group>";
		};
		28D5BDAE2AEF7F3500CF8736 /* Products */ = {
			isa = PBXGroup;
			children = (
				28D5BDAD2AEF7F3500CF8736 /* ex_10_30.app */,
			);
			name = Products;
			sourceTree = "<group>";
		};
		28D5BDAF2AEF7F3500CF8736 /* ex_10_30 */ = {
			isa = PBXGroup;
			children = (
				28D5BDB02AEF7F3500CF8736 /* ex_10_30App.swift */,
				28D5BDB22AEF7F3500CF8736 /* ContentView.swift */,
				28D5BDBE2AEF7F5200CF8736 /* ex1.swift */,
				28D5BDC02AEF869B00CF8736 /* ex2.swift */,
				28D5BDDE2AEFA16100CF8736 /* ex3.swift */,
				28D5BDE02AEFA25000CF8736 /* ex4.swift */,
				28D5BDE22AEFA36A00CF8736 /* ex5.swift */,
				28D5BDE42AEFA4BF00CF8736 /* ex6.swift */,
				28D5BDE62AEFA4E000CF8736 /* ex7.swift */,
				28D5BDB42AEF7F3600CF8736 /* Assets.xcassets */,
				28D5BDB62AEF7F3600CF8736 /* Preview Content */,
			);
			path = ex_10_30;
			sourceTree = "<group>";
		};
		28D5BDB62AEF7F3600CF8736 /* Preview Content */ = {
			isa = PBXGroup;
			children = (
				28D5BDB72AEF7F3600CF8736 /* Preview Assets.xcassets */,
			);
			path = "Preview Content";
			sourceTree = "<group>";
		};
/* End PBXGroup section */

/* Begin PBXNativeTarget section */
		28D5BDAC2AEF7F3500CF8736 /* ex_10_30 */ = {
			isa = PBXNativeTarget;
			buildConfigurationList = 28D5BDBB2AEF7F3600CF8736 /* Build configuration list for PBXNativeTarget "ex_10_30" */;
			buildPhases = (
				28D5BDA92AEF7F3500CF8736 /* Sources */,
				28D5BDAA2AEF7F3500CF8736 /* Frameworks */,
				28D5BDAB2AEF7F3500CF8736 /* Resources */,
			);
			buildRules = (
			);
			dependencies = (
			);
			name = ex_10_30;
			productName = ex_10_30;
			productReference = 28D5BDAD2AEF7F3500CF8736 /* ex_10_30.app */;
			productType = "com.apple.product-type.application";
		};
/* End PBXNativeTarget section */

/* Begin PBXProject section */
		28D5BDA52AEF7F3500CF8736 /* Project object */ = {
			isa = PBXProject;
			attributes = {
				BuildIndependentTargetsInParallel = 1;
				LastSwiftUpdateCheck = 1500;
				LastUpgradeCheck = 1500;
				TargetAttributes = {
					28D5BDAC2AEF7F3500CF8736 = {
						CreatedOnToolsVersion = 15.0.1;
					};
				};
			};
			buildConfigurationList = 28D5BDA82AEF7F3500CF8736 /* Build configuration list for PBXProject "ex_10_30" */;
			compatibilityVersion = "Xcode 14.0";
			developmentRegion = en;
			hasScannedForEncodings = 0;
			knownRegions = (
				en,
				Base,
			);
			mainGroup = 28D5BDA42AEF7F3500CF8736;
			productRefGroup = 28D5BDAE2AEF7F3500CF8736 /* Products */;
			projectDirPath = "";
			projectRoot = "";
			targets = (
				28D5BDAC2AEF7F3500CF8736 /* ex_10_30 */,
			);
		};
/* End PBXProject section */

/* Begin PBXResourcesBuildPhase section */
		28D5BDAB2AEF7F3500CF8736 /* Resources */ = {
			isa = PBXResourcesBuildPhase;
			buildActionMask = 2147483647;
			files = (
				28D5BDB82AEF7F3600CF8736 /* Preview Assets.xcassets in Resources */,
				28D5BDB52AEF7F3600CF8736 /* Assets.xcassets in Resources */,
			);
			runOnlyForDeploymentPostprocessing = 0;
		};
/* End PBXResourcesBuildPhase section */

/* Begin PBXSourcesBuildPhase section */
		28D5BDA92AEF7F3500CF8736 /* Sources */ = {
			isa = PBXSourcesBuildPhase;
			buildActionMask = 2147483647;
			files = (
				28D5BDB32AEF7F3500CF8736 /* ContentView.swift in Sources */,
				28D5BDE12AEFA25000CF8736 /* ex4.swift in Sources */,
				28D5BDBF2AEF7F5200CF8736 /* ex1.swift in Sources */,
				28D5BDE32AEFA36A00CF8736 /* ex5.swift in Sources */,
				28D5BDDF2AEFA16100CF8736 /* ex3.swift in Sources */,
				28D5BDB12AEF7F3500CF8736 /* ex_10_30App.swift in Sources */,
				28D5BDC12AEF869B00CF8736 /* ex2.swift in Sources */,
				28D5BDE72AEFA4E000CF8736 /* ex7.swift in Sources */,
				28D5BDE52AEFA4BF00CF8736 /* ex6.swift in Sources */,
			);
			runOnlyForDeploymentPostprocessing = 0;
		};
/* End PBXSourcesBuildPhase section */

/* Begin XCBuildConfiguration section */
		28D5BDB92AEF7F3600CF8736 /* Debug */ = {
			isa = XCBuildConfiguration;
			buildSettings = {
				ALWAYS_SEARCH_USER_PATHS = NO;
				ASSETCATALOG_COMPILER_GENERATE_SWIFT_ASSET_SYMBOL_EXTENSIONS = YES;
				CLANG_ANALYZER_NONNULL = YES;
				CLANG_ANALYZER_NUMBER_OBJECT_CONVERSION = YES_AGGRESSIVE;
				CLANG_CXX_LANGUAGE_STANDARD = "gnu++20";
				CLANG_ENABLE_MODULES = YES;
				CLANG_ENABLE_OBJC_ARC = YES;
				CLANG_ENABLE_OBJC_WEAK = YES;
				CLANG_WARN_BLOCK_CAPTURE_AUTORELEASING = YES;
				CLANG_WARN_BOOL_CONVERSION = YES;
				CLANG_WARN_COMMA = YES;
				CLANG_WARN_CONSTANT_CONVERSION = YES;
				CLANG_WARN_DEPRECATED_OBJC_IMPLEMENTATIONS = YES;
				CLANG_WARN_DIRECT_OBJC_ISA_USAGE = YES_ERROR;
				CLANG_WARN_DOCUMENTATION_COMMENTS = YES;
				CLANG_WARN_EMPTY_BODY = YES;
				CLANG_WARN_ENUM_CONVERSION = YES;
				CLANG_WARN_INFINITE_RECURSION = YES;
				CLANG_WARN_INT_CONVERSION = YES;
				CLANG_WARN_NON_LITERAL_NULL_CONVERSION = YES;
				CLANG_WARN_OBJC_IMPLICIT_RETAIN_SELF = YES;
				CLANG_WARN_OBJC_LITERAL_CONVERSION = YES;
				CLANG_WARN_OBJC_ROOT_CLASS = YES_ERROR;
				CLANG_WARN_QUOTED_INCLUDE_IN_FRAMEWORK_HEADER = YES;
				CLANG_WARN_RANGE_LOOP_ANALYSIS = YES;
				CLANG_WARN_STRICT_PROTOTYPES = YES;
				CLANG_WARN_SUSPICIOUS_MOVE = YES;
				CLANG_WARN_UNGUARDED_AVAILABILITY = YES_AGGRESSIVE;
				CLANG_WARN_UNREACHABLE_CODE = YES;
				CLANG_WARN__DUPLICATE_METHOD_MATCH = YES;
				COPY_PHASE_STRIP = NO;
				DEBUG_INFORMATION_FORMAT = dwarf;
				ENABLE_STRICT_OBJC_MSGSEND = YES;
				ENABLE_TESTABILITY = YES;
				ENABLE_USER_SCRIPT_SANDBOXING = YES;
				GCC_C_LANGUAGE_STANDARD = gnu17;
				GCC_DYNAMIC_NO_PIC = NO;
				GCC_NO_COMMON_BLOCKS = YES;
				GCC_OPTIMIZATION_LEVEL = 0;
				GCC_PREPROCESSOR_DEFINITIONS = (
					"DEBUG=1",
					"$(inherited)",
				);
				GCC_WARN_64_TO_32_BIT_CONVERSION = YES;
				GCC_WARN_ABOUT_RETURN_TYPE = YES_ERROR;
				GCC_WARN_UNDECLARED_SELECTOR = YES;
				GCC_WARN_UNINITIALIZED_AUTOS = YES_AGGRESSIVE;
				GCC_WARN_UNUSED_FUNCTION = YES;
				GCC_WARN_UNUSED_VARIABLE = YES;
				IPHONEOS_DEPLOYMENT_TARGET = 17.0;
				LOCALIZATION_PREFERS_STRING_CATALOGS = YES;
				MTL_ENABLE_DEBUG_INFO = INCLUDE_SOURCE;
				MTL_FAST_MATH = YES;
				ONLY_ACTIVE_ARCH = YES;
				SDKROOT = iphoneos;
				SWIFT_ACTIVE_COMPILATION_CONDITIONS = "DEBUG $(inherited)";
				SWIFT_OPTIMIZATION_LEVEL = "-Onone";
			};
			name = Debug;
		};
		28D5BDBA2AEF7F3600CF8736 /* Release */ = {
			isa = XCBuildConfiguration;
			buildSettings = {
				ALWAYS_SEARCH_USER_PATHS = NO;
				ASSETCATALOG_COMPILER_GENERATE_SWIFT_ASSET_SYMBOL_EXTENSIONS = YES;
				CLANG_ANALYZER_NONNULL = YES;
				CLANG_ANALYZER_NUMBER_OBJECT_CONVERSION = YES_AGGRESSIVE;
				CLANG_CXX_LANGUAGE_STANDARD = "gnu++20";
				CLANG_ENABLE_MODULES = YES;
				CLANG_ENABLE_OBJC_ARC = YES;
				CLANG_ENABLE_OBJC_WEAK = YES;
				CLANG_WARN_BLOCK_CAPTURE_AUTORELEASING = YES;
				CLANG_WARN_BOOL_CONVERSION = YES;
				CLANG_WARN_COMMA = YES;
				CLANG_WARN_CONSTANT_CONVERSION = YES;
				CLANG_WARN_DEPRECATED_OBJC_IMPLEMENTATIONS = YES;
				CLANG_WARN_DIRECT_OBJC_ISA_USAGE = YES_ERROR;
				CLANG_WARN_DOCUMENTATION_COMMENTS = YES;
				CLANG_WARN_EMPTY_BODY = YES;
				CLANG_WARN_ENUM_CONVERSION = YES;
				CLANG_WARN_INFINITE_RECURSION = YES;
				CLANG_WARN_INT_CONVERSION = YES;
				CLANG_WARN_NON_LITERAL_NULL_CONVERSION = YES;
				CLANG_WARN_OBJC_IMPLICIT_RETAIN_SELF = YES;
				CLANG_WARN_OBJC_LITERAL_CONVERSION = YES;
				CLANG_WARN_OBJC_ROOT_CLASS = YES_ERROR;
				CLANG_WARN_QUOTED_INCLUDE_IN_FRAMEWORK_HEADER = YES;
				CLANG_WARN_RANGE_LOOP_ANALYSIS = YES;
				CLANG_WARN_STRICT_PROTOTYPES = YES;
				CLANG_WARN_SUSPICIOUS_MOVE = YES;
				CLANG_WARN_UNGUARDED_AVAILABILITY = YES_AGGRESSIVE;
				CLANG_WARN_UNREACHABLE_CODE = YES;
				CLANG_WARN__DUPLICATE_METHOD_MATCH = YES;
				COPY_PHASE_STRIP = NO;
				DEBUG_INFORMATION_FORMAT = "dwarf-with-dsym";
				ENABLE_NS_ASSERTIONS = NO;
				ENABLE_STRICT_OBJC_MSGSEND = YES;
				ENABLE_USER_SCRIPT_SANDBOXING = YES;
				GCC_C_LANGUAGE_STANDARD = gnu17;
				GCC_NO_COMMON_BLOCKS = YES;
				GCC_WARN_64_TO_32_BIT_CONVERSION = YES;
				GCC_WARN_ABOUT_RETURN_TYPE = YES_ERROR;
				GCC_WARN_UNDECLARED_SELECTOR = YES;
				GCC_WARN_UNINITIALIZED_AUTOS = YES_AGGRESSIVE;
				GCC_WARN_UNUSED_FUNCTION = YES;
				GCC_WARN_UNUSED_VARIABLE = YES;
				IPHONEOS_DEPLOYMENT_TARGET = 17.0;
				LOCALIZATION_PREFERS_STRING_CATALOGS = YES;
				MTL_ENABLE_DEBUG_INFO = NO;
				MTL_FAST_MATH = YES;
				SDKROOT = iphoneos;
				SWIFT_COMPILATION_MODE = wholemodule;
				VALIDATE_PRODUCT = YES;
			};
			name = Release;
		};
		28D5BDBC2AEF7F3600CF8736 /* Debug */ = {
			isa = XCBuildConfiguration;
			buildSettings = {
				ASSETCATALOG_COMPILER_APPICON_NAME = AppIcon;
				ASSETCATALOG_COMPILER_GLOBAL_ACCENT_COLOR_NAME = AccentColor;
				CODE_SIGN_STYLE = Automatic;
				CURRENT_PROJECT_VERSION = 1;
				DEVELOPMENT_ASSET_PATHS = "\"ex_10_30/Preview Content\"";
				DEVELOPMENT_TEAM = ZX2NB6A6YK;
				ENABLE_PREVIEWS = YES;
				GENERATE_INFOPLIST_FILE = YES;
				INFOPLIST_KEY_UIApplicationSceneManifest_Generation = YES;
				INFOPLIST_KEY_UIApplicationSupportsIndirectInputEvents = YES;
				INFOPLIST_KEY_UILaunchScreen_Generation = YES;
				INFOPLIST_KEY_UISupportedInterfaceOrientations_iPad = "UIInterfaceOrientationPortrait UIInterfaceOrientationPortraitUpsideDown UIInterfaceOrientationLandscapeLeft UIInterfaceOrientationLandscapeRight";
				INFOPLIST_KEY_UISupportedInterfaceOrientations_iPhone = "UIInterfaceOrientationPortrait UIInterfaceOrientationLandscapeLeft UIInterfaceOrientationLandscapeRight";
				LD_RUNPATH_SEARCH_PATHS = (
					"$(inherited)",
					"@executable_path/Frameworks",
				);
				MARKETING_VERSION = 1.0;
				PRODUCT_BUNDLE_IDENTIFIER = "com.louis.ex-10-30";
				PRODUCT_NAME = "$(TARGET_NAME)";
				SWIFT_EMIT_LOC_STRINGS = YES;
				SWIFT_VERSION = 5.0;
				TARGETED_DEVICE_FAMILY = "1,2";
			};
			name = Debug;
		};
		28D5BDBD2AEF7F3600CF8736 /* Release */ = {
			isa = XCBuildConfiguration;
			buildSettings = {
				ASSETCATALOG_COMPILER_APPICON_NAME = AppIcon;
				ASSETCATALOG_COMPILER_GLOBAL_ACCENT_COLOR_NAME = AccentColor;
				CODE_SIGN_STYLE = Automatic;
				CURRENT_PROJECT_VERSION = 1;
				DEVELOPMENT_ASSET_PATHS = "\"ex_10_30/Preview Content\"";
				DEVELOPMENT_TEAM = ZX2NB6A6YK;
				ENABLE_PREVIEWS = YES;
				GENERATE_INFOPLIST_FILE = YES;
				INFOPLIST_KEY_UIApplicationSceneManifest_Generation = YES;
				INFOPLIST_KEY_UIApplicationSupportsIndirectInputEvents = YES;
				INFOPLIST_KEY_UILaunchScreen_Generation = YES;
				INFOPLIST_KEY_UISupportedInterfaceOrientations_iPad = "UIInterfaceOrientationPortrait UIInterfaceOrientationPortraitUpsideDown UIInterfaceOrientationLandscapeLeft UIInterfaceOrientationLandscapeRight";
				INFOPLIST_KEY_UISupportedInterfaceOrientations_iPhone = "UIInterfaceOrientationPortrait UIInterfaceOrientationLandscapeLeft UIInterfaceOrientationLandscapeRight";
				LD_RUNPATH_SEARCH_PATHS = (
					"$(inherited)",
					"@executable_path/Frameworks",
				);
				MARKETING_VERSION = 1.0;
				PRODUCT_BUNDLE_IDENTIFIER = "com.louis.ex-10-30";
				PRODUCT_NAME = "$(TARGET_NAME)";
				SWIFT_EMIT_LOC_STRINGS = YES;
				SWIFT_VERSION = 5.0;
				TARGETED_DEVICE_FAMILY = "1,2";
			};
			name = Release;
		};
/* End XCBuildConfiguration section */

/* Begin XCConfigurationList section */
		28D5BDA82AEF7F3500CF8736 /* Build configuration list for PBXProject "ex_10_30" */ = {
			isa = XCConfigurationList;
			buildConfigurations = (
				28D5BDB92AEF7F3600CF8736 /* Debug */,
				28D5BDBA2AEF7F3600CF8736 /* Release */,
			);
			defaultConfigurationIsVisible = 0;
			defaultConfigurationName = Release;
		};
		28D5BDBB2AEF7F3600CF8736 /* Build configuration list for PBXNativeTarget "ex_10_30" */ = {
			isa = XCConfigurationList;
			buildConfigurations = (
				28D5BDBC2AEF7F3600CF8736 /* Debug */,
				28D5BDBD2AEF7F3600CF8736 /* Release */,
			);
			defaultConfigurationIsVisible = 0;
			defaultConfigurationName = Release;
		};
/* End XCConfigurationList section */
	};
	rootObject = 28D5BDA52AEF7F3500CF8736 /* Project object */;
}
