// !$*UTF8*$!
{
	archiveVersion = 1;
	classes = {
	};
	objectVersion = 56;
	objects = {

/* Begin PBXBuildFile section */
		28350BD72AF322D00068853A /* ListNavigationTutorialApp.swift in Sources */ = {isa = PBXBuildFile; fileRef = 28350BD62AF322D00068853A /* ListNavigationTutorialApp.swift */; };
		28350BD92AF322D00068853A /* ContentView.swift in Sources */ = {isa = PBXBuildFile; fileRef = 28350BD82AF322D00068853A /* ContentView.swift */; };
		28350BDB2AF322D10068853A /* Assets.xcassets in Resources */ = {isa = PBXBuildFile; fileRef = 28350BDA2AF322D10068853A /* Assets.xcassets */; };
		28350BDE2AF322D10068853A /* Preview Assets.xcassets in Resources */ = {isa = PBXBuildFile; fileRef = 28350BDD2AF322D10068853A /* Preview Assets.xcassets */; };
		28350BE52AF325990068853A /* CarAssets.xcassets in Resources */ = {isa = PBXBuildFile; fileRef = 28350BE42AF325990068853A /* CarAssets.xcassets */; };
		28350BE72AF325AB0068853A /* carData.json in Resources */ = {isa = PBXBuildFile; fileRef = 28350BE62AF325AB0068853A /* carData.json */; };
		28350BE92AF325F90068853A /* JasonManager.swift in Sources */ = {isa = PBXBuildFile; fileRef = 28350BE82AF325F90068853A /* JasonManager.swift */; };
		28350BF02AF334070068853A /* carDetail.swift in Sources */ = {isa = PBXBuildFile; fileRef = 28350BEF2AF334070068853A /* carDetail.swift */; };
		28350BF22AF33BB40068853A /* addNewCar.swift in Sources */ = {isa = PBXBuildFile; fileRef = 28350BF12AF33BB40068853A /* addNewCar.swift */; };
/* End PBXBuildFile section */

/* Begin PBXFileReference section */
		28350BD32AF322D00068853A /* ListNavigationTutorial.app */ = {isa = PBXFileReference; explicitFileType = wrapper.application; includeInIndex = 0; path = ListNavigationTutorial.app; sourceTree = BUILT_PRODUCTS_DIR; };
		28350BD62AF322D00068853A /* ListNavigationTutorialApp.swift */ = {isa = PBXFileReference; lastKnownFileType = sourcecode.swift; path = ListNavigationTutorialApp.swift; sourceTree = "<group>"; };
		28350BD82AF322D00068853A /* ContentView.swift */ = {isa = PBXFileReference; lastKnownFileType = sourcecode.swift; path = ContentView.swift; sourceTree = "<group>"; };
		28350BDA2AF322D10068853A /* Assets.xcassets */ = {isa = PBXFileReference; lastKnownFileType = folder.assetcatalog; path = Assets.xcassets; sourceTree = "<group>"; };
		28350BDD2AF322D10068853A /* Preview Assets.xcassets */ = {isa = PBXFileReference; lastKnownFileType = folder.assetcatalog; path = "Preview Assets.xcassets"; sourceTree = "<group>"; };
		28350BE42AF325990068853A /* CarAssets.xcassets */ = {isa = PBXFileReference; lastKnownFileType = folder.assetcatalog; path = CarAssets.xcassets; sourceTree = "<group>"; };
		28350BE62AF325AB0068853A /* carData.json */ = {isa = PBXFileReference; fileEncoding = 4; lastKnownFileType = text.json; path = carData.json; sourceTree = "<group>"; };
		28350BE82AF325F90068853A /* JasonManager.swift */ = {isa = PBXFileReference; lastKnownFileType = sourcecode.swift; path = JasonManager.swift; sourceTree = "<group>"; };
		28350BEF2AF334070068853A /* carDetail.swift */ = {isa = PBXFileReference; lastKnownFileType = sourcecode.swift; path = carDetail.swift; sourceTree = "<group>"; };
		28350BF12AF33BB40068853A /* addNewCar.swift */ = {isa = PBXFileReference; lastKnownFileType = sourcecode.swift; path = addNewCar.swift; sourceTree = "<group>"; };
/* End PBXFileReference section */

/* Begin PBXFrameworksBuildPhase section */
		28350BD02AF322D00068853A /* Frameworks */ = {
			isa = PBXFrameworksBuildPhase;
			buildActionMask = 2147483647;
			files = (
			);
			runOnlyForDeploymentPostprocessing = 0;
		};
/* End PBXFrameworksBuildPhase section */

/* Begin PBXGroup section */
		28350BCA2AF322D00068853A = {
			isa = PBXGroup;
			children = (
				28350BD52AF322D00068853A /* ListNavigationTutorial */,
				28350BD42AF322D00068853A /* Products */,
			);
			sourceTree = "<group>";
		};
		28350BD42AF322D00068853A /* Products */ = {
			isa = PBXGroup;
			children = (
				28350BD32AF322D00068853A /* ListNavigationTutorial.app */,
			);
			name = Products;
			sourceTree = "<group>";
		};
		28350BD52AF322D00068853A /* ListNavigationTutorial */ = {
			isa = PBXGroup;
			children = (
				28350BE82AF325F90068853A /* JasonManager.swift */,
				28350BD62AF322D00068853A /* ListNavigationTutorialApp.swift */,
				28350BD82AF322D00068853A /* ContentView.swift */,
				28350BEF2AF334070068853A /* carDetail.swift */,
				28350BDA2AF322D10068853A /* Assets.xcassets */,
				28350BE42AF325990068853A /* CarAssets.xcassets */,
				28350BE62AF325AB0068853A /* carData.json */,
				28350BDC2AF322D10068853A /* Preview Content */,
				28350BF12AF33BB40068853A /* addNewCar.swift */,
			);
			path = ListNavigationTutorial;
			sourceTree = "<group>";
		};
		28350BDC2AF322D10068853A /* Preview Content */ = {
			isa = PBXGroup;
			children = (
				28350BDD2AF322D10068853A /* Preview Assets.xcassets */,
			);
			path = "Preview Content";
			sourceTree = "<group>";
		};
/* End PBXGroup section */

/* Begin PBXNativeTarget section */
		28350BD22AF322D00068853A /* ListNavigationTutorial */ = {
			isa = PBXNativeTarget;
			buildConfigurationList = 28350BE12AF322D10068853A /* Build configuration list for PBXNativeTarget "ListNavigationTutorial" */;
			buildPhases = (
				28350BCF2AF322D00068853A /* Sources */,
				28350BD02AF322D00068853A /* Frameworks */,
				28350BD12AF322D00068853A /* Resources */,
			);
			buildRules = (
			);
			dependencies = (
			);
			name = ListNavigationTutorial;
			packageProductDependencies = (
			);
			productName = ListNavigationTutorial;
			productReference = 28350BD32AF322D00068853A /* ListNavigationTutorial.app */;
			productType = "com.apple.product-type.application";
		};
/* End PBXNativeTarget section */

/* Begin PBXProject section */
		28350BCB2AF322D00068853A /* Project object */ = {
			isa = PBXProject;
			attributes = {
				BuildIndependentTargetsInParallel = 1;
				LastSwiftUpdateCheck = 1500;
				LastUpgradeCheck = 1500;
				TargetAttributes = {
					28350BD22AF322D00068853A = {
						CreatedOnToolsVersion = 15.0.1;
					};
				};
			};
			buildConfigurationList = 28350BCE2AF322D00068853A /* Build configuration list for PBXProject "ListNavigationTutorial" */;
			compatibilityVersion = "Xcode 14.0";
			developmentRegion = en;
			hasScannedForEncodings = 0;
			knownRegions = (
				en,
				Base,
			);
			mainGroup = 28350BCA2AF322D00068853A;
			packageReferences = (
			);
			productRefGroup = 28350BD42AF322D00068853A /* Products */;
			projectDirPath = "";
			projectRoot = "";
			targets = (
				28350BD22AF322D00068853A /* ListNavigationTutorial */,
			);
		};
/* End PBXProject section */

/* Begin PBXResourcesBuildPhase section */
		28350BD12AF322D00068853A /* Resources */ = {
			isa = PBXResourcesBuildPhase;
			buildActionMask = 2147483647;
			files = (
				28350BE72AF325AB0068853A /* carData.json in Resources */,
				28350BDE2AF322D10068853A /* Preview Assets.xcassets in Resources */,
				28350BDB2AF322D10068853A /* Assets.xcassets in Resources */,
				28350BE52AF325990068853A /* CarAssets.xcassets in Resources */,
			);
			runOnlyForDeploymentPostprocessing = 0;
		};
/* End PBXResourcesBuildPhase section */

/* Begin PBXSourcesBuildPhase section */
		28350BCF2AF322D00068853A /* Sources */ = {
			isa = PBXSourcesBuildPhase;
			buildActionMask = 2147483647;
			files = (
				28350BD92AF322D00068853A /* ContentView.swift in Sources */,
				28350BD72AF322D00068853A /* ListNavigationTutorialApp.swift in Sources */,
				28350BF22AF33BB40068853A /* addNewCar.swift in Sources */,
				28350BE92AF325F90068853A /* JasonManager.swift in Sources */,
				28350BF02AF334070068853A /* carDetail.swift in Sources */,
			);
			runOnlyForDeploymentPostprocessing = 0;
		};
/* End PBXSourcesBuildPhase section */

/* Begin XCBuildConfiguration section */
		28350BDF2AF322D10068853A /* Debug */ = {
			isa = XCBuildConfiguration;
			buildSettings = {
				ALWAYS_SEARCH_USER_PATHS = NO;
				ASSETCATALOG_COMPILER_GENERATE_SWIFT_ASSET_SYMBOL_EXTENSIONS = YES;
				CLANG_ANALYZER_NONNULL = YES;
				CLANG_ANALYZER_NUMBER_OBJECT_CONVERSION = YES_AGGRESSIVE;
				CLANG_CXX_LANGUAGE_STANDARD = "gnu++20";
				CLANG_ENABLE_MODULES = YES;
				CLANG_ENABLE_OBJC_ARC = YES;
				CLANG_ENABLE_OBJC_WEAK = YES;
				CLANG_WARN_BLOCK_CAPTURE_AUTORELEASING = YES;
				CLANG_WARN_BOOL_CONVERSION = YES;
				CLANG_WARN_COMMA = YES;
				CLANG_WARN_CONSTANT_CONVERSION = YES;
				CLANG_WARN_DEPRECATED_OBJC_IMPLEMENTATIONS = YES;
				CLANG_WARN_DIRECT_OBJC_ISA_USAGE = YES_ERROR;
				CLANG_WARN_DOCUMENTATION_COMMENTS = YES;
				CLANG_WARN_EMPTY_BODY = YES;
				CLANG_WARN_ENUM_CONVERSION = YES;
				CLANG_WARN_INFINITE_RECURSION = YES;
				CLANG_WARN_INT_CONVERSION = YES;
				CLANG_WARN_NON_LITERAL_NULL_CONVERSION = YES;
				CLANG_WARN_OBJC_IMPLICIT_RETAIN_SELF = YES;
				CLANG_WARN_OBJC_LITERAL_CONVERSION = YES;
				CLANG_WARN_OBJC_ROOT_CLASS = YES_ERROR;
				CLANG_WARN_QUOTED_INCLUDE_IN_FRAMEWORK_HEADER = YES;
				CLANG_WARN_RANGE_LOOP_ANALYSIS = YES;
				CLANG_WARN_STRICT_PROTOTYPES = YES;
				CLANG_WARN_SUSPICIOUS_MOVE = YES;
				CLANG_WARN_UNGUARDED_AVAILABILITY = YES_AGGRESSIVE;
				CLANG_WARN_UNREACHABLE_CODE = YES;
				CLANG_WARN__DUPLICATE_METHOD_MATCH = YES;
				COPY_PHASE_STRIP = NO;
				DEBUG_INFORMATION_FORMAT = dwarf;
				ENABLE_STRICT_OBJC_MSGSEND = YES;
				ENABLE_TESTABILITY = YES;
				ENABLE_USER_SCRIPT_SANDBOXING = YES;
				GCC_C_LANGUAGE_STANDARD = gnu17;
				GCC_DYNAMIC_NO_PIC = NO;
				GCC_NO_COMMON_BLOCKS = YES;
				GCC_OPTIMIZATION_LEVEL = 0;
				GCC_PREPROCESSOR_DEFINITIONS = (
					"DEBUG=1",
					"$(inherited)",
				);
				GCC_WARN_64_TO_32_BIT_CONVERSION = YES;
				GCC_WARN_ABOUT_RETURN_TYPE = YES_ERROR;
				GCC_WARN_UNDECLARED_SELECTOR = YES;
				GCC_WARN_UNINITIALIZED_AUTOS = YES_AGGRESSIVE;
				GCC_WARN_UNUSED_FUNCTION = YES;
				GCC_WARN_UNUSED_VARIABLE = YES;
				IPHONEOS_DEPLOYMENT_TARGET = 17.0;
				LOCALIZATION_PREFERS_STRING_CATALOGS = YES;
				MTL_ENABLE_DEBUG_INFO = INCLUDE_SOURCE;
				MTL_FAST_MATH = YES;
				ONLY_ACTIVE_ARCH = YES;
				SDKROOT = iphoneos;
				SWIFT_ACTIVE_COMPILATION_CONDITIONS = "DEBUG $(inherited)";
				SWIFT_OPTIMIZATION_LEVEL = "-Onone";
			};
			name = Debug;
		};
		28350BE02AF322D10068853A /* Release */ = {
			isa = XCBuildConfiguration;
			buildSettings = {
				ALWAYS_SEARCH_USER_PATHS = NO;
				ASSETCATALOG_COMPILER_GENERATE_SWIFT_ASSET_SYMBOL_EXTENSIONS = YES;
				CLANG_ANALYZER_NONNULL = YES;
				CLANG_ANALYZER_NUMBER_OBJECT_CONVERSION = YES_AGGRESSIVE;
				CLANG_CXX_LANGUAGE_STANDARD = "gnu++20";
				CLANG_ENABLE_MODULES = YES;
				CLANG_ENABLE_OBJC_ARC = YES;
				CLANG_ENABLE_OBJC_WEAK = YES;
				CLANG_WARN_BLOCK_CAPTURE_AUTORELEASING = YES;
				CLANG_WARN_BOOL_CONVERSION = YES;
				CLANG_WARN_COMMA = YES;
				CLANG_WARN_CONSTANT_CONVERSION = YES;
				CLANG_WARN_DEPRECATED_OBJC_IMPLEMENTATIONS = YES;
				CLANG_WARN_DIRECT_OBJC_ISA_USAGE = YES_ERROR;
				CLANG_WARN_DOCUMENTATION_COMMENTS = YES;
				CLANG_WARN_EMPTY_BODY = YES;
				CLANG_WARN_ENUM_CONVERSION = YES;
				CLANG_WARN_INFINITE_RECURSION = YES;
				CLANG_WARN_INT_CONVERSION = YES;
				CLANG_WARN_NON_LITERAL_NULL_CONVERSION = YES;
				CLANG_WARN_OBJC_IMPLICIT_RETAIN_SELF = YES;
				CLANG_WARN_OBJC_LITERAL_CONVERSION = YES;
				CLANG_WARN_OBJC_ROOT_CLASS = YES_ERROR;
				CLANG_WARN_QUOTED_INCLUDE_IN_FRAMEWORK_HEADER = YES;
				CLANG_WARN_RANGE_LOOP_ANALYSIS = YES;
				CLANG_WARN_STRICT_PROTOTYPES = YES;
				CLANG_WARN_SUSPICIOUS_MOVE = YES;
				CLANG_WARN_UNGUARDED_AVAILABILITY = YES_AGGRESSIVE;
				CLANG_WARN_UNREACHABLE_CODE = YES;
				CLANG_WARN__DUPLICATE_METHOD_MATCH = YES;
				COPY_PHASE_STRIP = NO;
				DEBUG_INFORMATION_FORMAT = "dwarf-with-dsym";
				ENABLE_NS_ASSERTIONS = NO;
				ENABLE_STRICT_OBJC_MSGSEND = YES;
				ENABLE_USER_SCRIPT_SANDBOXING = YES;
				GCC_C_LANGUAGE_STANDARD = gnu17;
				GCC_NO_COMMON_BLOCKS = YES;
				GCC_WARN_64_TO_32_BIT_CONVERSION = YES;
				GCC_WARN_ABOUT_RETURN_TYPE = YES_ERROR;
				GCC_WARN_UNDECLARED_SELECTOR = YES;
				GCC_WARN_UNINITIALIZED_AUTOS = YES_AGGRESSIVE;
				GCC_WARN_UNUSED_FUNCTION = YES;
				GCC_WARN_UNUSED_VARIABLE = YES;
				IPHONEOS_DEPLOYMENT_TARGET = 17.0;
				LOCALIZATION_PREFERS_STRING_CATALOGS = YES;
				MTL_ENABLE_DEBUG_INFO = NO;
				MTL_FAST_MATH = YES;
				SDKROOT = iphoneos;
				SWIFT_COMPILATION_MODE = wholemodule;
				VALIDATE_PRODUCT = YES;
			};
			name = Release;
		};
		28350BE22AF322D10068853A /* Debug */ = {
			isa = XCBuildConfiguration;
			buildSettings = {
				ASSETCATALOG_COMPILER_APPICON_NAME = AppIcon;
				ASSETCATALOG_COMPILER_GLOBAL_ACCENT_COLOR_NAME = AccentColor;
				CODE_SIGN_STYLE = Automatic;
				CURRENT_PROJECT_VERSION = 1;
				DEVELOPMENT_ASSET_PATHS = "\"ListNavigationTutorial/Preview Content\"";
				DEVELOPMENT_TEAM = ZX2NB6A6YK;
				ENABLE_PREVIEWS = YES;
				GENERATE_INFOPLIST_FILE = YES;
				INFOPLIST_KEY_UIApplicationSceneManifest_Generation = YES;
				INFOPLIST_KEY_UIApplicationSupportsIndirectInputEvents = YES;
				INFOPLIST_KEY_UILaunchScreen_Generation = YES;
				INFOPLIST_KEY_UISupportedInterfaceOrientations_iPad = "UIInterfaceOrientationPortrait UIInterfaceOrientationPortraitUpsideDown UIInterfaceOrientationLandscapeLeft UIInterfaceOrientationLandscapeRight";
				INFOPLIST_KEY_UISupportedInterfaceOrientations_iPhone = "UIInterfaceOrientationPortrait UIInterfaceOrientationLandscapeLeft UIInterfaceOrientationLandscapeRight";
				LD_RUNPATH_SEARCH_PATHS = (
					"$(inherited)",
					"@executable_path/Frameworks",
				);
				MARKETING_VERSION = 1.0;
				PRODUCT_BUNDLE_IDENTIFIER = com.louis.ListNavigationTutorial;
				PRODUCT_NAME = "$(TARGET_NAME)";
				SWIFT_EMIT_LOC_STRINGS = YES;
				SWIFT_VERSION = 5.0;
				TARGETED_DEVICE_FAMILY = "1,2";
			};
			name = Debug;
		};
		28350BE32AF322D10068853A /* Release */ = {
			isa = XCBuildConfiguration;
			buildSettings = {
				ASSETCATALOG_COMPILER_APPICON_NAME = AppIcon;
				ASSETCATALOG_COMPILER_GLOBAL_ACCENT_COLOR_NAME = AccentColor;
				CODE_SIGN_STYLE = Automatic;
				CURRENT_PROJECT_VERSION = 1;
				DEVELOPMENT_ASSET_PATHS = "\"ListNavigationTutorial/Preview Content\"";
				DEVELOPMENT_TEAM = ZX2NB6A6YK;
				ENABLE_PREVIEWS = YES;
				GENERATE_INFOPLIST_FILE = YES;
				INFOPLIST_KEY_UIApplicationSceneManifest_Generation = YES;
				INFOPLIST_KEY_UIApplicationSupportsIndirectInputEvents = YES;
				INFOPLIST_KEY_UILaunchScreen_Generation = YES;
				INFOPLIST_KEY_UISupportedInterfaceOrientations_iPad = "UIInterfaceOrientationPortrait UIInterfaceOrientationPortraitUpsideDown UIInterfaceOrientationLandscapeLeft UIInterfaceOrientationLandscapeRight";
				INFOPLIST_KEY_UISupportedInterfaceOrientations_iPhone = "UIInterfaceOrientationPortrait UIInterfaceOrientationLandscapeLeft UIInterfaceOrientationLandscapeRight";
				LD_RUNPATH_SEARCH_PATHS = (
					"$(inherited)",
					"@executable_path/Frameworks",
				);
				MARKETING_VERSION = 1.0;
				PRODUCT_BUNDLE_IDENTIFIER = com.louis.ListNavigationTutorial;
				PRODUCT_NAME = "$(TARGET_NAME)";
				SWIFT_EMIT_LOC_STRINGS = YES;
				SWIFT_VERSION = 5.0;
				TARGETED_DEVICE_FAMILY = "1,2";
			};
			name = Release;
		};
/* End XCBuildConfiguration section */

/* Begin XCConfigurationList section */
		28350BCE2AF322D00068853A /* Build configuration list for PBXProject "ListNavigationTutorial" */ = {
			isa = XCConfigurationList;
			buildConfigurations = (
				28350BDF2AF322D10068853A /* Debug */,
				28350BE02AF322D10068853A /* Release */,
			);
			defaultConfigurationIsVisible = 0;
			defaultConfigurationName = Release;
		};
		28350BE12AF322D10068853A /* Build configuration list for PBXNativeTarget "ListNavigationTutorial" */ = {
			isa = XCConfigurationList;
			buildConfigurations = (
				28350BE22AF322D10068853A /* Debug */,
				28350BE32AF322D10068853A /* Release */,
			);
			defaultConfigurationIsVisible = 0;
			defaultConfigurationName = Release;
		};
/* End XCConfigurationList section */
	};
	rootObject = 28350BCB2AF322D00068853A /* Project object */;
}
